// !$*UTF8*$!
{
	archiveVersion = 1;
	classes = {
	};
	objectVersion = 54;
	objects = {

/* Begin PBXBuildFile section */
		18443F616024F30248448ECD /* libPods-Palpito_watchOS Extension.a in Frameworks */ = {isa = PBXBuildFile; fileRef = 79309424A392F094463A7D0B /* libPods-Palpito_watchOS Extension.a */; };
		7D314AC2B53F1F3DAF9CD2A1 /* Pods_Palpito.framework in Frameworks */ = {isa = PBXBuildFile; fileRef = 74604709ABE3DEF0D72D3188 /* Pods_Palpito.framework */; };
		ED081591B1FFD7949E38F123 /* libPods-Palpito_watchOS.a in Frameworks */ = {isa = PBXBuildFile; fileRef = A104FC97EC4E36611B492C35 /* libPods-Palpito_watchOS.a */; };
		F6009CA121E82D5A007DF73B /* palpito_Data.xcdatamodeld in Sources */ = {isa = PBXBuildFile; fileRef = F6009C9F21E82D5A007DF73B /* palpito_Data.xcdatamodeld */; };
		F6009CA321E83755007DF73B /* ResultWorkoutInterfaceController.swift in Sources */ = {isa = PBXBuildFile; fileRef = F6009CA221E83755007DF73B /* ResultWorkoutInterfaceController.swift */; };
		F600BEDE218937C100116455 /* HealthKit.framework in Frameworks */ = {isa = PBXBuildFile; fileRef = F600BEDD218937C100116455 /* HealthKit.framework */; };
		F600BEE62189382B00116455 /* Interface.storyboard in Resources */ = {isa = PBXBuildFile; fileRef = F600BEE42189382B00116455 /* Interface.storyboard */; };
		F600BEE82189382D00116455 /* Assets.xcassets in Resources */ = {isa = PBXBuildFile; fileRef = F600BEE72189382D00116455 /* Assets.xcassets */; };
		F600BEEF2189382D00116455 /* Palpito_watchOS Extension.appex in Embed App Extensions */ = {isa = PBXBuildFile; fileRef = F600BEEE2189382D00116455 /* Palpito_watchOS Extension.appex */; settings = {ATTRIBUTES = (RemoveHeadersOnCopy, ); }; };
		F600BEF42189382D00116455 /* InterfaceController.swift in Sources */ = {isa = PBXBuildFile; fileRef = F600BEF32189382D00116455 /* InterfaceController.swift */; };
		F600BEF62189382D00116455 /* ExtensionDelegate.swift in Sources */ = {isa = PBXBuildFile; fileRef = F600BEF52189382D00116455 /* ExtensionDelegate.swift */; };
		F600BEF82189382D00116455 /* NotificationController.swift in Sources */ = {isa = PBXBuildFile; fileRef = F600BEF72189382D00116455 /* NotificationController.swift */; };
		F600BEFA2189382E00116455 /* Assets.xcassets in Resources */ = {isa = PBXBuildFile; fileRef = F600BEF92189382E00116455 /* Assets.xcassets */; };
		F600BEFF2189382E00116455 /* Palpito_watchOS.app in Embed Watch Content */ = {isa = PBXBuildFile; fileRef = F600BEE22189382B00116455 /* Palpito_watchOS.app */; };
		F600BF0C2189400700116455 /* HealthKitSharedFunction.swift in Sources */ = {isa = PBXBuildFile; fileRef = F600BF0B2189400700116455 /* HealthKitSharedFunction.swift */; };
		F600BF0D2189400700116455 /* HealthKitSharedFunction.swift in Sources */ = {isa = PBXBuildFile; fileRef = F600BF0B2189400700116455 /* HealthKitSharedFunction.swift */; };
		F60183BA2296330800380C47 /* ResultRelaxInterfaceController.swift in Sources */ = {isa = PBXBuildFile; fileRef = F60183B92296330800380C47 /* ResultRelaxInterfaceController.swift */; };
		F60228E6221BE2940012BF46 /* DaliyWorkoutViewController.swift in Sources */ = {isa = PBXBuildFile; fileRef = F60228E5221BE2940012BF46 /* DaliyWorkoutViewController.swift */; };
		F60FEFCA21BE36CD00D4029B /* CustomNavigationController.swift in Sources */ = {isa = PBXBuildFile; fileRef = F60FEFC921BE36CD00D4029B /* CustomNavigationController.swift */; };
		F610219821FF0493006D821E /* ResultWorkoutViewController.swift in Sources */ = {isa = PBXBuildFile; fileRef = F610219721FF0493006D821E /* ResultWorkoutViewController.swift */; };
		F6232506251726FA00EE2C88 /* GoogleService-Info.plist in Resources */ = {isa = PBXBuildFile; fileRef = F6232505251726F900EE2C88 /* GoogleService-Info.plist */; };
		F62788462201921D003B3540 /* MyStage+CoreDataClass.swift in Sources */ = {isa = PBXBuildFile; fileRef = F62788442201921D003B3540 /* MyStage+CoreDataClass.swift */; };
		F62788472201921D003B3540 /* MyStage+CoreDataProperties.swift in Sources */ = {isa = PBXBuildFile; fileRef = F62788452201921D003B3540 /* MyStage+CoreDataProperties.swift */; };
		F62790FA21E879F3005E2155 /* StandByWorkoutInterfaceController.swift in Sources */ = {isa = PBXBuildFile; fileRef = F62790F921E879F3005E2155 /* StandByWorkoutInterfaceController.swift */; };
		F630D8A0222D7CD00062CB80 /* BackgroundWorkoutViewController.swift in Sources */ = {isa = PBXBuildFile; fileRef = F630D89F222D7CD00062CB80 /* BackgroundWorkoutViewController.swift */; };
		F6339C02248360ED00EACAEE /* BpmInfoController.swift in Sources */ = {isa = PBXBuildFile; fileRef = F6339C00248360ED00EACAEE /* BpmInfoController.swift */; };
		F6339C052483614C00EACAEE /* BpmInfoController.xib in Resources */ = {isa = PBXBuildFile; fileRef = F6339C042483614C00EACAEE /* BpmInfoController.xib */; };
		F650C0A0221151AE001823F7 /* PersistenceService.swift in Sources */ = {isa = PBXBuildFile; fileRef = F69BE3872201887000B9C1CC /* PersistenceService.swift */; };
		F65600CF21789F0700AF9C22 /* 2018-10-18 19.55.34.jpg in Resources */ = {isa = PBXBuildFile; fileRef = F65600CE21789F0700AF9C22 /* 2018-10-18 19.55.34.jpg */; };
		F65F87D6215DA7EB00E03BFE /* EmailAddViewController.swift in Sources */ = {isa = PBXBuildFile; fileRef = F65F87D5215DA7EB00E03BFE /* EmailAddViewController.swift */; };
		F66C6E732294D94500621A20 /* RelaxInterfaceController.swift in Sources */ = {isa = PBXBuildFile; fileRef = F66C6E722294D94500621A20 /* RelaxInterfaceController.swift */; };
		F672414A2189A29B00568038 /* HealthKit.framework in Frameworks */ = {isa = PBXBuildFile; fileRef = F600BEDD218937C100116455 /* HealthKit.framework */; settings = {ATTRIBUTES = (Required, ); }; };
		F677EB1C21788B3C000AE332 /* 팔피토 로고.png in Resources */ = {isa = PBXBuildFile; fileRef = F677EB1B21788B3C000AE332 /* 팔피토 로고.png */; };
		F67B2066215DB1CC0092077F /* AgeAddViewController.swift in Sources */ = {isa = PBXBuildFile; fileRef = F67B2065215DB1CC0092077F /* AgeAddViewController.swift */; };
		F67B90762227712700B7042D /* ReadyWorkoutViewController.swift in Sources */ = {isa = PBXBuildFile; fileRef = F67B90752227712700B7042D /* ReadyWorkoutViewController.swift */; };
		F680E67026DB3466005AB251 /* zone2startEng.mp3 in Resources */ = {isa = PBXBuildFile; fileRef = F680E66826DB3466005AB251 /* zone2startEng.mp3 */; };
		F680E67126DB3466005AB251 /* zone34RecycleEng.mp3 in Resources */ = {isa = PBXBuildFile; fileRef = F680E66926DB3466005AB251 /* zone34RecycleEng.mp3 */; };
		F680E67226DB3466005AB251 /* zone12RecycleEng.mp3 in Resources */ = {isa = PBXBuildFile; fileRef = F680E66A26DB3466005AB251 /* zone12RecycleEng.mp3 */; };
		F680E67326DB3466005AB251 /* zone5startEng.mp3 in Resources */ = {isa = PBXBuildFile; fileRef = F680E66B26DB3466005AB251 /* zone5startEng.mp3 */; };
		F680E67426DB3466005AB251 /* zone3startEng.mp3 in Resources */ = {isa = PBXBuildFile; fileRef = F680E66C26DB3466005AB251 /* zone3startEng.mp3 */; };
		F680E67526DB3466005AB251 /* zone1RecycleEng.mp3 in Resources */ = {isa = PBXBuildFile; fileRef = F680E66D26DB3466005AB251 /* zone1RecycleEng.mp3 */; };
		F680E67626DB3466005AB251 /* zone45RecycleEng.mp3 in Resources */ = {isa = PBXBuildFile; fileRef = F680E66E26DB3466005AB251 /* zone45RecycleEng.mp3 */; };
		F680E67726DB3466005AB251 /* zone4startEng.mp3 in Resources */ = {isa = PBXBuildFile; fileRef = F680E66F26DB3466005AB251 /* zone4startEng.mp3 */; };
		F68A787B2161D89400A1C2A6 /* Checkbox@3x.png in Resources */ = {isa = PBXBuildFile; fileRef = F68A787A2161D89400A1C2A6 /* Checkbox@3x.png */; };
		F68A787D2161D8B800A1C2A6 /* UnCheckbox@3x.png in Resources */ = {isa = PBXBuildFile; fileRef = F68A787C2161D8B800A1C2A6 /* UnCheckbox@3x.png */; };
		F68A78812161DEC400A1C2A6 /* DLRadioButton.m in Sources */ = {isa = PBXBuildFile; fileRef = F68A78802161DEC400A1C2A6 /* DLRadioButton.m */; };
		F68A78832161E87900A1C2A6 /* PopUpViewController.swift in Sources */ = {isa = PBXBuildFile; fileRef = F68A78822161E87900A1C2A6 /* PopUpViewController.swift */; };
		F68C772126CA9BA7008C14F0 /* Localizable.strings in Resources */ = {isa = PBXBuildFile; fileRef = F68C772326CA9BA7008C14F0 /* Localizable.strings */; };
		F692306C26592E6C005D93DD /* RangkingSampleController.swift in Sources */ = {isa = PBXBuildFile; fileRef = F692306B26592E6C005D93DD /* RangkingSampleController.swift */; };
		F69413AB24C8798D0008531D /* MovieVO.swift in Sources */ = {isa = PBXBuildFile; fileRef = F69413AA24C8798D0008531D /* MovieVO.swift */; };
		F695C31A215C9F8B00F4DDEB /* AppDelegate.swift in Sources */ = {isa = PBXBuildFile; fileRef = F695C319215C9F8B00F4DDEB /* AppDelegate.swift */; };
		F695C31C215C9F8B00F4DDEB /* ViewController.swift in Sources */ = {isa = PBXBuildFile; fileRef = F695C31B215C9F8B00F4DDEB /* ViewController.swift */; };
		F695C31F215C9F8B00F4DDEB /* Main.storyboard in Resources */ = {isa = PBXBuildFile; fileRef = F695C31D215C9F8B00F4DDEB /* Main.storyboard */; };
		F695C321215C9F8C00F4DDEB /* Assets.xcassets in Resources */ = {isa = PBXBuildFile; fileRef = F695C320215C9F8C00F4DDEB /* Assets.xcassets */; };
		F695C324215C9F8C00F4DDEB /* LaunchScreen.storyboard in Resources */ = {isa = PBXBuildFile; fileRef = F695C322215C9F8C00F4DDEB /* LaunchScreen.storyboard */; };
		F69BE38A22018BCE00B9C1CC /* MyPageViewController.swift in Sources */ = {isa = PBXBuildFile; fileRef = F69BE38922018BCE00B9C1CC /* MyPageViewController.swift */; };
		F69C065A265684CE00407370 /* RangKingHeader.swift in Sources */ = {isa = PBXBuildFile; fileRef = F69C0659265684CE00407370 /* RangKingHeader.swift */; };
		F69C065E2656886000407370 /* RangkingSubHeader.swift in Sources */ = {isa = PBXBuildFile; fileRef = F69C065D2656886000407370 /* RangkingSubHeader.swift */; };
		F69F50242296399100581B49 /* RelaxViewController.swift in Sources */ = {isa = PBXBuildFile; fileRef = F60183BB2296390700380C47 /* RelaxViewController.swift */; };
		F69F502622963AA800581B49 /* ResultRelaxViewController.swift in Sources */ = {isa = PBXBuildFile; fileRef = F69F502522963AA800581B49 /* ResultRelaxViewController.swift */; };
		F6B1861C24CBE1EB003C905D /* PrivateInfomationController.swift in Sources */ = {isa = PBXBuildFile; fileRef = F6B1861B24CBE1EB003C905D /* PrivateInfomationController.swift */; };
		F6B1861E24CBE35A003C905D /* UserInfoSettingController.swift in Sources */ = {isa = PBXBuildFile; fileRef = F6B1861D24CBE35A003C905D /* UserInfoSettingController.swift */; };
		F6BBA05421C0D81D00C19C27 /* WorkoutViewController.swift in Sources */ = {isa = PBXBuildFile; fileRef = F6BBA05321C0D81D00C19C27 /* WorkoutViewController.swift */; };
		F6BC90AF24C5C5FF00E2283C /* ExtensionVC.swift in Sources */ = {isa = PBXBuildFile; fileRef = F6BC90AE24C5C5FF00E2283C /* ExtensionVC.swift */; };
		F6BD8503225E1B77009CEE3B /* ResultWorkOut+CoreDataClass.swift in Sources */ = {isa = PBXBuildFile; fileRef = F6BD8501225E1B77009CEE3B /* ResultWorkOut+CoreDataClass.swift */; };
		F6BD8504225E1B77009CEE3B /* ResultWorkOut+CoreDataProperties.swift in Sources */ = {isa = PBXBuildFile; fileRef = F6BD8502225E1B77009CEE3B /* ResultWorkOut+CoreDataProperties.swift */; };
		F6C704DB21B4F9A900CC35A4 /* UserPasswordResetViewController.swift in Sources */ = {isa = PBXBuildFile; fileRef = F6C704DA21B4F9A900CC35A4 /* UserPasswordResetViewController.swift */; };
		F6D1BC2E229F758200581073 /* ResultRelax+CoreDataClass.swift in Sources */ = {isa = PBXBuildFile; fileRef = F6D1BC2C229F758200581073 /* ResultRelax+CoreDataClass.swift */; };
		F6D1BC2F229F758200581073 /* ResultRelax+CoreDataProperties.swift in Sources */ = {isa = PBXBuildFile; fileRef = F6D1BC2D229F758200581073 /* ResultRelax+CoreDataProperties.swift */; };
		F6D69EEA23A62FCE007ECB5C /* zone1Recycle.mp3 in Resources */ = {isa = PBXBuildFile; fileRef = F6D69EDD23A62FCD007ECB5C /* zone1Recycle.mp3 */; };
		F6D69EED23A62FCE007ECB5C /* zone4start.mp3 in Resources */ = {isa = PBXBuildFile; fileRef = F6D69EE023A62FCD007ECB5C /* zone4start.mp3 */; };
		F6D69EEE23A62FCE007ECB5C /* zone12Recycle.mp3 in Resources */ = {isa = PBXBuildFile; fileRef = F6D69EE123A62FCD007ECB5C /* zone12Recycle.mp3 */; };
		F6D69EEF23A62FCE007ECB5C /* zone5start.mp3 in Resources */ = {isa = PBXBuildFile; fileRef = F6D69EE223A62FCD007ECB5C /* zone5start.mp3 */; };
		F6D69EF223A62FCE007ECB5C /* zone2start.mp3 in Resources */ = {isa = PBXBuildFile; fileRef = F6D69EE523A62FCE007ECB5C /* zone2start.mp3 */; };
		F6D69EF323A62FCE007ECB5C /* zone3start.mp3 in Resources */ = {isa = PBXBuildFile; fileRef = F6D69EE623A62FCE007ECB5C /* zone3start.mp3 */; };
		F6D69EF423A62FCE007ECB5C /* zone34Recycle.mp3 in Resources */ = {isa = PBXBuildFile; fileRef = F6D69EE723A62FCE007ECB5C /* zone34Recycle.mp3 */; };
		F6D69EF523A62FCE007ECB5C /* zone45Recycle.mp3 in Resources */ = {isa = PBXBuildFile; fileRef = F6D69EE823A62FCE007ECB5C /* zone45Recycle.mp3 */; };
		F6D73F27220BF0660091B9D8 /* StageSelectPushViewController.swift in Sources */ = {isa = PBXBuildFile; fileRef = F6D73F26220BF0660091B9D8 /* StageSelectPushViewController.swift */; };
		F6D74EF42213E55600D51639 /* MainTabBarViewController.swift in Sources */ = {isa = PBXBuildFile; fileRef = F6D74EF32213E55600D51639 /* MainTabBarViewController.swift */; };
		F6D78C3A24FBC4C500C96FB6 /* Settings.bundle in Resources */ = {isa = PBXBuildFile; fileRef = F6D78C3924FBC4C500C96FB6 /* Settings.bundle */; };
		F6D78C3F24FBCAF200C96FB6 /* AppAuth.license in Resources */ = {isa = PBXBuildFile; fileRef = F6D78C3E24FBCAF200C96FB6 /* AppAuth.license */; };
		F6D84B40247904B700EC56A0 /* SettingViewController.swift in Sources */ = {isa = PBXBuildFile; fileRef = F6D84B3F247904B700EC56A0 /* SettingViewController.swift */; };
		F6D84B4324790B1C00EC56A0 /* ConfigCell.swift in Sources */ = {isa = PBXBuildFile; fileRef = F6D84B4224790B1C00EC56A0 /* ConfigCell.swift */; };
		F6D84B4524790E3C00EC56A0 /* ConfigCell.xib in Resources */ = {isa = PBXBuildFile; fileRef = F6D84B4424790E3C00EC56A0 /* ConfigCell.xib */; };
		F6DDC5FE215DE55600F47FEF /* Userinfo.swift in Sources */ = {isa = PBXBuildFile; fileRef = F6DDC5FD215DE55600F47FEF /* Userinfo.swift */; };
		F6DDC600215DE77400F47FEF /* UserCreate.swift in Sources */ = {isa = PBXBuildFile; fileRef = F6DDC5FF215DE77400F47FEF /* UserCreate.swift */; };
		F6DFAA6824F0ED0A00A674F7 /* StartPopupController.swift in Sources */ = {isa = PBXBuildFile; fileRef = F6DFAA6724F0ED0A00A674F7 /* StartPopupController.swift */; };
		F6EB19FE24FBDE1500CB75E6 /* FirebaseFirestore.license in Resources */ = {isa = PBXBuildFile; fileRef = F6EB19F124FBDE0D00CB75E6 /* FirebaseFirestore.license */; };
		F6EB19FF24FBDE1500CB75E6 /* abseil.license in Resources */ = {isa = PBXBuildFile; fileRef = F6EB19F224FBDE0E00CB75E6 /* abseil.license */; };
		F6EB1A0024FBDE1500CB75E6 /* FirebaseCore.license in Resources */ = {isa = PBXBuildFile; fileRef = F6EB19F324FBDE0E00CB75E6 /* FirebaseCore.license */; };
		F6EB1A0124FBDE1500CB75E6 /* FirebaseDatabase.license in Resources */ = {isa = PBXBuildFile; fileRef = F6EB19F424FBDE0F00CB75E6 /* FirebaseDatabase.license */; };
		F6EB1A0224FBDE1500CB75E6 /* FirebaseInstanceID.license in Resources */ = {isa = PBXBuildFile; fileRef = F6EB19F524FBDE1000CB75E6 /* FirebaseInstanceID.license */; };
		F6EB1A0324FBDE1500CB75E6 /* FirebaseAuthInterop.license in Resources */ = {isa = PBXBuildFile; fileRef = F6EB19F624FBDE1000CB75E6 /* FirebaseAuthInterop.license */; };
		F6EB1A0424FBDE1500CB75E6 /* FirebaseAuth.license in Resources */ = {isa = PBXBuildFile; fileRef = F6EB19F724FBDE1100CB75E6 /* FirebaseAuth.license */; };
		F6EB1A0524FBDE1500CB75E6 /* FirebaseFirestoreSwift.license in Resources */ = {isa = PBXBuildFile; fileRef = F6EB19F824FBDE1200CB75E6 /* FirebaseFirestoreSwift.license */; };
		F6EB1A0624FBDE1500CB75E6 /* FirebaseCoreDiagnosticsInterop.license in Resources */ = {isa = PBXBuildFile; fileRef = F6EB19F924FBDE1300CB75E6 /* FirebaseCoreDiagnosticsInterop.license */; };
		F6EB1A0724FBDE1500CB75E6 /* BoringSSL-GRPC.license in Resources */ = {isa = PBXBuildFile; fileRef = F6EB19FA24FBDE1300CB75E6 /* BoringSSL-GRPC.license */; };
		F6EB1A0824FBDE1500CB75E6 /* Firebase.license in Resources */ = {isa = PBXBuildFile; fileRef = F6EB19FB24FBDE1400CB75E6 /* Firebase.license */; };
		F6EB1A0924FBDE1500CB75E6 /* FirebaseCoreDiagnostics.license in Resources */ = {isa = PBXBuildFile; fileRef = F6EB19FC24FBDE1500CB75E6 /* FirebaseCoreDiagnostics.license */; };
		F6EB1A0A24FBDE1500CB75E6 /* FirebaseInstallations.license in Resources */ = {isa = PBXBuildFile; fileRef = F6EB19FD24FBDE1500CB75E6 /* FirebaseInstallations.license */; };
		F6EBA2DE2213D06200CCA005 /* StartApp.storyboard in Resources */ = {isa = PBXBuildFile; fileRef = F6EBA2E02213D06200CCA005 /* StartApp.storyboard */; };
		F6EBA2E12213D07900CCA005 /* SignUp.storyboard in Resources */ = {isa = PBXBuildFile; fileRef = F6EBA2E32213D07900CCA005 /* SignUp.storyboard */; };
		F6EF57D72483BC8200C4A5C1 /* RangKingCell.swift in Sources */ = {isa = PBXBuildFile; fileRef = F6EF57D62483BC8200C4A5C1 /* RangKingCell.swift */; };
		F6EF57D92483BD9700C4A5C1 /* RankingViewController.swift in Sources */ = {isa = PBXBuildFile; fileRef = F6EF57D82483BD9700C4A5C1 /* RankingViewController.swift */; };
		F6FF69F924CC488400FF910C /* WebKit.framework in Frameworks */ = {isa = PBXBuildFile; fileRef = F6FF69F824CC488300FF910C /* WebKit.framework */; };
/* End PBXBuildFile section */

/* Begin PBXContainerItemProxy section */
		F600BEF02189382D00116455 /* PBXContainerItemProxy */ = {
			isa = PBXContainerItemProxy;
			containerPortal = F695C30E215C9F8B00F4DDEB /* Project object */;
			proxyType = 1;
			remoteGlobalIDString = F600BEED2189382D00116455;
			remoteInfo = "Palpito_watchOS Extension";
		};
		F600BEFD2189382E00116455 /* PBXContainerItemProxy */ = {
			isa = PBXContainerItemProxy;
			containerPortal = F695C30E215C9F8B00F4DDEB /* Project object */;
			proxyType = 1;
			remoteGlobalIDString = F600BEE12189382B00116455;
			remoteInfo = Palpito_watchOS;
		};
/* End PBXContainerItemProxy section */

/* Begin PBXCopyFilesBuildPhase section */
		F600BF032189382E00116455 /* Embed App Extensions */ = {
			isa = PBXCopyFilesBuildPhase;
			buildActionMask = 2147483647;
			dstPath = "";
			dstSubfolderSpec = 13;
			files = (
				F600BEEF2189382D00116455 /* Palpito_watchOS Extension.appex in Embed App Extensions */,
			);
			name = "Embed App Extensions";
			runOnlyForDeploymentPostprocessing = 0;
		};
		F692BFC02177143E00915E33 /* Embed Watch Content */ = {
			isa = PBXCopyFilesBuildPhase;
			buildActionMask = 2147483647;
			dstPath = "$(CONTENTS_FOLDER_PATH)/Watch";
			dstSubfolderSpec = 16;
			files = (
				F600BEFF2189382E00116455 /* Palpito_watchOS.app in Embed Watch Content */,
			);
			name = "Embed Watch Content";
			runOnlyForDeploymentPostprocessing = 0;
		};
		F6F2A3B7221147EF001FEDBC /* Embed Frameworks */ = {
			isa = PBXCopyFilesBuildPhase;
			buildActionMask = 2147483647;
			dstPath = "";
			dstSubfolderSpec = 10;
			files = (
			);
			name = "Embed Frameworks";
			runOnlyForDeploymentPostprocessing = 0;
		};
/* End PBXCopyFilesBuildPhase section */

/* Begin PBXFileReference section */
		2CA2CAB73F927F34DF9FCA6F /* Pods-Palpito.debug.xcconfig */ = {isa = PBXFileReference; includeInIndex = 1; lastKnownFileType = text.xcconfig; name = "Pods-Palpito.debug.xcconfig"; path = "Target Support Files/Pods-Palpito/Pods-Palpito.debug.xcconfig"; sourceTree = "<group>"; };
		32132D1FD130DA8EE94E82FF /* Pods-Palpito.release.xcconfig */ = {isa = PBXFileReference; includeInIndex = 1; lastKnownFileType = text.xcconfig; name = "Pods-Palpito.release.xcconfig"; path = "Target Support Files/Pods-Palpito/Pods-Palpito.release.xcconfig"; sourceTree = "<group>"; };
		74604709ABE3DEF0D72D3188 /* Pods_Palpito.framework */ = {isa = PBXFileReference; explicitFileType = wrapper.framework; includeInIndex = 0; path = Pods_Palpito.framework; sourceTree = BUILT_PRODUCTS_DIR; };
		79309424A392F094463A7D0B /* libPods-Palpito_watchOS Extension.a */ = {isa = PBXFileReference; explicitFileType = archive.ar; includeInIndex = 0; path = "libPods-Palpito_watchOS Extension.a"; sourceTree = BUILT_PRODUCTS_DIR; };
		7F1865616D7ABF5540A90648 /* Pods-Palpito_watchOS.release.xcconfig */ = {isa = PBXFileReference; includeInIndex = 1; lastKnownFileType = text.xcconfig; name = "Pods-Palpito_watchOS.release.xcconfig"; path = "Target Support Files/Pods-Palpito_watchOS/Pods-Palpito_watchOS.release.xcconfig"; sourceTree = "<group>"; };
		A104FC97EC4E36611B492C35 /* libPods-Palpito_watchOS.a */ = {isa = PBXFileReference; explicitFileType = archive.ar; includeInIndex = 0; path = "libPods-Palpito_watchOS.a"; sourceTree = BUILT_PRODUCTS_DIR; };
		B93F31D316FC58D9A8FCCD2F /* Pods-Palpito_watchOS.debug.xcconfig */ = {isa = PBXFileReference; includeInIndex = 1; lastKnownFileType = text.xcconfig; name = "Pods-Palpito_watchOS.debug.xcconfig"; path = "Target Support Files/Pods-Palpito_watchOS/Pods-Palpito_watchOS.debug.xcconfig"; sourceTree = "<group>"; };
		C871B5EF3AFF8DFE4095E1D9 /* Pods-Palpito_watchOS Extension.debug.xcconfig */ = {isa = PBXFileReference; includeInIndex = 1; lastKnownFileType = text.xcconfig; name = "Pods-Palpito_watchOS Extension.debug.xcconfig"; path = "Target Support Files/Pods-Palpito_watchOS Extension/Pods-Palpito_watchOS Extension.debug.xcconfig"; sourceTree = "<group>"; };
		CC2F3B1F6AE01D4243DFEB33 /* Pods-Palpito_watchOS Extension.release.xcconfig */ = {isa = PBXFileReference; includeInIndex = 1; lastKnownFileType = text.xcconfig; name = "Pods-Palpito_watchOS Extension.release.xcconfig"; path = "Target Support Files/Pods-Palpito_watchOS Extension/Pods-Palpito_watchOS Extension.release.xcconfig"; sourceTree = "<group>"; };
		F6009CA021E82D5A007DF73B /* palpito_Data.xcdatamodel */ = {isa = PBXFileReference; lastKnownFileType = wrapper.xcdatamodel; path = palpito_Data.xcdatamodel; sourceTree = "<group>"; };
		F6009CA221E83755007DF73B /* ResultWorkoutInterfaceController.swift */ = {isa = PBXFileReference; lastKnownFileType = sourcecode.swift; path = ResultWorkoutInterfaceController.swift; sourceTree = "<group>"; };
		F600BEDD218937C100116455 /* HealthKit.framework */ = {isa = PBXFileReference; lastKnownFileType = wrapper.framework; name = HealthKit.framework; path = System/Library/Frameworks/HealthKit.framework; sourceTree = SDKROOT; };
		F600BEDF218937C100116455 /* Palpito.entitlements */ = {isa = PBXFileReference; lastKnownFileType = text.plist.entitlements; path = Palpito.entitlements; sourceTree = "<group>"; };
		F600BEE22189382B00116455 /* Palpito_watchOS.app */ = {isa = PBXFileReference; explicitFileType = wrapper.application; includeInIndex = 0; path = Palpito_watchOS.app; sourceTree = BUILT_PRODUCTS_DIR; };
		F600BEE52189382B00116455 /* Base */ = {isa = PBXFileReference; lastKnownFileType = file.storyboard; name = Base; path = Base.lproj/Interface.storyboard; sourceTree = "<group>"; };
		F600BEE72189382D00116455 /* Assets.xcassets */ = {isa = PBXFileReference; lastKnownFileType = folder.assetcatalog; path = Assets.xcassets; sourceTree = "<group>"; };
		F600BEE92189382D00116455 /* Info.plist */ = {isa = PBXFileReference; lastKnownFileType = text.plist.xml; path = Info.plist; sourceTree = "<group>"; };
		F600BEEE2189382D00116455 /* Palpito_watchOS Extension.appex */ = {isa = PBXFileReference; explicitFileType = "wrapper.app-extension"; includeInIndex = 0; path = "Palpito_watchOS Extension.appex"; sourceTree = BUILT_PRODUCTS_DIR; };
		F600BEF32189382D00116455 /* InterfaceController.swift */ = {isa = PBXFileReference; lastKnownFileType = sourcecode.swift; path = InterfaceController.swift; sourceTree = "<group>"; };
		F600BEF52189382D00116455 /* ExtensionDelegate.swift */ = {isa = PBXFileReference; lastKnownFileType = sourcecode.swift; path = ExtensionDelegate.swift; sourceTree = "<group>"; };
		F600BEF72189382D00116455 /* NotificationController.swift */ = {isa = PBXFileReference; lastKnownFileType = sourcecode.swift; path = NotificationController.swift; sourceTree = "<group>"; };
		F600BEF92189382E00116455 /* Assets.xcassets */ = {isa = PBXFileReference; lastKnownFileType = folder.assetcatalog; path = Assets.xcassets; sourceTree = "<group>"; };
		F600BEFB2189382E00116455 /* Info.plist */ = {isa = PBXFileReference; lastKnownFileType = text.plist.xml; path = Info.plist; sourceTree = "<group>"; };
		F600BEFC2189382E00116455 /* PushNotificationPayload.apns */ = {isa = PBXFileReference; lastKnownFileType = text; path = PushNotificationPayload.apns; sourceTree = "<group>"; };
		F600BF092189383D00116455 /* Palpito_watchOS Extension.entitlements */ = {isa = PBXFileReference; lastKnownFileType = text.plist.entitlements; path = "Palpito_watchOS Extension.entitlements"; sourceTree = "<group>"; };
		F600BF0B2189400700116455 /* HealthKitSharedFunction.swift */ = {isa = PBXFileReference; lastKnownFileType = sourcecode.swift; path = HealthKitSharedFunction.swift; sourceTree = "<group>"; };
		F60183B92296330800380C47 /* ResultRelaxInterfaceController.swift */ = {isa = PBXFileReference; lastKnownFileType = sourcecode.swift; path = ResultRelaxInterfaceController.swift; sourceTree = "<group>"; };
		F60183BB2296390700380C47 /* RelaxViewController.swift */ = {isa = PBXFileReference; lastKnownFileType = sourcecode.swift; path = RelaxViewController.swift; sourceTree = "<group>"; };
		F60223E225B44F5100416570 /* PalpitoRelease.entitlements */ = {isa = PBXFileReference; lastKnownFileType = text.plist.entitlements; path = PalpitoRelease.entitlements; sourceTree = "<group>"; };
		F60223E525B44F8A00416570 /* Palpito_watchOS ExtensionRelease.entitlements */ = {isa = PBXFileReference; lastKnownFileType = text.plist.entitlements; path = "Palpito_watchOS ExtensionRelease.entitlements"; sourceTree = "<group>"; };
		F60228E5221BE2940012BF46 /* DaliyWorkoutViewController.swift */ = {isa = PBXFileReference; lastKnownFileType = sourcecode.swift; path = DaliyWorkoutViewController.swift; sourceTree = "<group>"; };
		F60FEFC921BE36CD00D4029B /* CustomNavigationController.swift */ = {isa = PBXFileReference; lastKnownFileType = sourcecode.swift; path = CustomNavigationController.swift; sourceTree = "<group>"; };
		F610219721FF0493006D821E /* ResultWorkoutViewController.swift */ = {isa = PBXFileReference; lastKnownFileType = sourcecode.swift; path = ResultWorkoutViewController.swift; sourceTree = "<group>"; };
		F6129D1726D216AA00B76A34 /* en */ = {isa = PBXFileReference; lastKnownFileType = file.storyboard; name = en; path = en.lproj/StartApp.storyboard; sourceTree = "<group>"; };
		F6129D1A26D22CF100B76A34 /* Base */ = {isa = PBXFileReference; lastKnownFileType = file.storyboard; name = Base; path = Base.lproj/Main.storyboard; sourceTree = "<group>"; };
		F6129D1C26D22D0800B76A34 /* en */ = {isa = PBXFileReference; lastKnownFileType = file.storyboard; name = en; path = en.lproj/Main.storyboard; sourceTree = "<group>"; };
		F6129D1D26D22EC500B76A34 /* Base */ = {isa = PBXFileReference; lastKnownFileType = file.storyboard; name = Base; path = Base.lproj/SignUp.storyboard; sourceTree = "<group>"; };
		F6129D1F26D22ED500B76A34 /* en */ = {isa = PBXFileReference; lastKnownFileType = file.storyboard; name = en; path = en.lproj/SignUp.storyboard; sourceTree = "<group>"; };
		F6129D2026D233A100B76A34 /* ko */ = {isa = PBXFileReference; lastKnownFileType = file.storyboard; name = ko; path = ko.lproj/StartApp.storyboard; sourceTree = "<group>"; };
		F6232505251726F900EE2C88 /* GoogleService-Info.plist */ = {isa = PBXFileReference; fileEncoding = 4; lastKnownFileType = text.plist.xml; path = "GoogleService-Info.plist"; sourceTree = "<group>"; };
		F62788442201921D003B3540 /* MyStage+CoreDataClass.swift */ = {isa = PBXFileReference; lastKnownFileType = sourcecode.swift; path = "MyStage+CoreDataClass.swift"; sourceTree = "<group>"; };
		F62788452201921D003B3540 /* MyStage+CoreDataProperties.swift */ = {isa = PBXFileReference; lastKnownFileType = sourcecode.swift; path = "MyStage+CoreDataProperties.swift"; sourceTree = "<group>"; };
		F62790F921E879F3005E2155 /* StandByWorkoutInterfaceController.swift */ = {isa = PBXFileReference; lastKnownFileType = sourcecode.swift; path = StandByWorkoutInterfaceController.swift; sourceTree = "<group>"; };
		F630D89F222D7CD00062CB80 /* BackgroundWorkoutViewController.swift */ = {isa = PBXFileReference; lastKnownFileType = sourcecode.swift; path = BackgroundWorkoutViewController.swift; sourceTree = "<group>"; };
		F6339C00248360ED00EACAEE /* BpmInfoController.swift */ = {isa = PBXFileReference; lastKnownFileType = sourcecode.swift; path = BpmInfoController.swift; sourceTree = "<group>"; };
		F6339C042483614C00EACAEE /* BpmInfoController.xib */ = {isa = PBXFileReference; lastKnownFileType = file.xib; path = BpmInfoController.xib; sourceTree = "<group>"; };
		F65600CE21789F0700AF9C22 /* 2018-10-18 19.55.34.jpg */ = {isa = PBXFileReference; lastKnownFileType = image.jpeg; path = "2018-10-18 19.55.34.jpg"; sourceTree = "<group>"; };
		F65F87D5215DA7EB00E03BFE /* EmailAddViewController.swift */ = {isa = PBXFileReference; lastKnownFileType = sourcecode.swift; name = EmailAddViewController.swift; path = Palpito_v0.01/EmailAddViewController.swift; sourceTree = SOURCE_ROOT; };
		F66C6E722294D94500621A20 /* RelaxInterfaceController.swift */ = {isa = PBXFileReference; lastKnownFileType = sourcecode.swift; path = RelaxInterfaceController.swift; sourceTree = "<group>"; };
		F677EB1B21788B3C000AE332 /* 팔피토 로고.png */ = {isa = PBXFileReference; lastKnownFileType = image.png; path = "팔피토 로고.png"; sourceTree = "<group>"; };
		F67B2065215DB1CC0092077F /* AgeAddViewController.swift */ = {isa = PBXFileReference; lastKnownFileType = sourcecode.swift; path = AgeAddViewController.swift; sourceTree = "<group>"; };
		F67B90752227712700B7042D /* ReadyWorkoutViewController.swift */ = {isa = PBXFileReference; lastKnownFileType = sourcecode.swift; path = ReadyWorkoutViewController.swift; sourceTree = "<group>"; };
		F680E66826DB3466005AB251 /* zone2startEng.mp3 */ = {isa = PBXFileReference; lastKnownFileType = audio.mp3; path = zone2startEng.mp3; sourceTree = "<group>"; };
		F680E66926DB3466005AB251 /* zone34RecycleEng.mp3 */ = {isa = PBXFileReference; lastKnownFileType = audio.mp3; path = zone34RecycleEng.mp3; sourceTree = "<group>"; };
		F680E66A26DB3466005AB251 /* zone12RecycleEng.mp3 */ = {isa = PBXFileReference; lastKnownFileType = audio.mp3; path = zone12RecycleEng.mp3; sourceTree = "<group>"; };
		F680E66B26DB3466005AB251 /* zone5startEng.mp3 */ = {isa = PBXFileReference; lastKnownFileType = audio.mp3; path = zone5startEng.mp3; sourceTree = "<group>"; };
		F680E66C26DB3466005AB251 /* zone3startEng.mp3 */ = {isa = PBXFileReference; lastKnownFileType = audio.mp3; path = zone3startEng.mp3; sourceTree = "<group>"; };
		F680E66D26DB3466005AB251 /* zone1RecycleEng.mp3 */ = {isa = PBXFileReference; lastKnownFileType = audio.mp3; path = zone1RecycleEng.mp3; sourceTree = "<group>"; };
		F680E66E26DB3466005AB251 /* zone45RecycleEng.mp3 */ = {isa = PBXFileReference; lastKnownFileType = audio.mp3; path = zone45RecycleEng.mp3; sourceTree = "<group>"; };
		F680E66F26DB3466005AB251 /* zone4startEng.mp3 */ = {isa = PBXFileReference; lastKnownFileType = audio.mp3; path = zone4startEng.mp3; sourceTree = "<group>"; };
		F68A787A2161D89400A1C2A6 /* Checkbox@3x.png */ = {isa = PBXFileReference; lastKnownFileType = image.png; path = "Checkbox@3x.png"; sourceTree = "<group>"; };
		F68A787C2161D8B800A1C2A6 /* UnCheckbox@3x.png */ = {isa = PBXFileReference; lastKnownFileType = image.png; path = "UnCheckbox@3x.png"; sourceTree = "<group>"; };
		F68A787E2161DEC300A1C2A6 /* Palpito_v0.01-Bridging-Header.h */ = {isa = PBXFileReference; lastKnownFileType = sourcecode.c.h; path = "Palpito_v0.01-Bridging-Header.h"; sourceTree = "<group>"; };
		F68A787F2161DEC400A1C2A6 /* DLRadioButton.h */ = {isa = PBXFileReference; fileEncoding = 4; lastKnownFileType = sourcecode.c.h; path = DLRadioButton.h; sourceTree = "<group>"; };
		F68A78802161DEC400A1C2A6 /* DLRadioButton.m */ = {isa = PBXFileReference; fileEncoding = 4; lastKnownFileType = sourcecode.c.objc; path = DLRadioButton.m; sourceTree = "<group>"; };
		F68A78822161E87900A1C2A6 /* PopUpViewController.swift */ = {isa = PBXFileReference; lastKnownFileType = sourcecode.swift; path = PopUpViewController.swift; sourceTree = "<group>"; };
		F68C772226CA9BA7008C14F0 /* en */ = {isa = PBXFileReference; lastKnownFileType = text.plist.strings; name = en; path = en.lproj/Localizable.strings; sourceTree = "<group>"; };
		F68C772526CA9BCC008C14F0 /* ko */ = {isa = PBXFileReference; lastKnownFileType = text.plist.strings; name = ko; path = ko.lproj/LaunchScreen.strings; sourceTree = "<group>"; };
		F68C772726CA9BCF008C14F0 /* ko */ = {isa = PBXFileReference; lastKnownFileType = file.storyboard; name = ko; path = ko.lproj/Main.storyboard; sourceTree = "<group>"; };
		F68C772826CA9BD1008C14F0 /* ko */ = {isa = PBXFileReference; lastKnownFileType = file.storyboard; name = ko; path = ko.lproj/SignUp.storyboard; sourceTree = "<group>"; };
		F68C772926CA9BD3008C14F0 /* ko */ = {isa = PBXFileReference; lastKnownFileType = text.plist.strings; name = ko; path = ko.lproj/Localizable.strings; sourceTree = "<group>"; };
		F692306B26592E6C005D93DD /* RangkingSampleController.swift */ = {isa = PBXFileReference; lastKnownFileType = sourcecode.swift; path = RangkingSampleController.swift; sourceTree = "<group>"; };
		F69413AA24C8798D0008531D /* MovieVO.swift */ = {isa = PBXFileReference; lastKnownFileType = sourcecode.swift; path = MovieVO.swift; sourceTree = "<group>"; };
		F695C316215C9F8B00F4DDEB /* Palpito.app */ = {isa = PBXFileReference; explicitFileType = wrapper.application; includeInIndex = 0; path = Palpito.app; sourceTree = BUILT_PRODUCTS_DIR; };
		F695C319215C9F8B00F4DDEB /* AppDelegate.swift */ = {isa = PBXFileReference; lastKnownFileType = sourcecode.swift; path = AppDelegate.swift; sourceTree = "<group>"; };
		F695C31B215C9F8B00F4DDEB /* ViewController.swift */ = {isa = PBXFileReference; lastKnownFileType = sourcecode.swift; path = ViewController.swift; sourceTree = "<group>"; };
		F695C320215C9F8C00F4DDEB /* Assets.xcassets */ = {isa = PBXFileReference; lastKnownFileType = folder.assetcatalog; path = Assets.xcassets; sourceTree = "<group>"; };
		F695C323215C9F8C00F4DDEB /* Base */ = {isa = PBXFileReference; lastKnownFileType = file.storyboard; name = Base; path = Base.lproj/LaunchScreen.storyboard; sourceTree = "<group>"; };
		F695C325215C9F8C00F4DDEB /* Info.plist */ = {isa = PBXFileReference; lastKnownFileType = text.plist.xml; path = Info.plist; sourceTree = "<group>"; };
		F69BE3872201887000B9C1CC /* PersistenceService.swift */ = {isa = PBXFileReference; lastKnownFileType = sourcecode.swift; path = PersistenceService.swift; sourceTree = "<group>"; };
		F69BE38922018BCE00B9C1CC /* MyPageViewController.swift */ = {isa = PBXFileReference; lastKnownFileType = sourcecode.swift; path = MyPageViewController.swift; sourceTree = "<group>"; };
		F69C0659265684CE00407370 /* RangKingHeader.swift */ = {isa = PBXFileReference; lastKnownFileType = sourcecode.swift; path = RangKingHeader.swift; sourceTree = "<group>"; };
		F69C065D2656886000407370 /* RangkingSubHeader.swift */ = {isa = PBXFileReference; lastKnownFileType = sourcecode.swift; path = RangkingSubHeader.swift; sourceTree = "<group>"; };
		F69F502522963AA800581B49 /* ResultRelaxViewController.swift */ = {isa = PBXFileReference; lastKnownFileType = sourcecode.swift; path = ResultRelaxViewController.swift; sourceTree = "<group>"; };
		F6A49CF725B45B8900F492AA /* Palpito_watchOSRelease.entitlements */ = {isa = PBXFileReference; lastKnownFileType = text.plist.entitlements; path = Palpito_watchOSRelease.entitlements; sourceTree = "<group>"; };
		F6B1861B24CBE1EB003C905D /* PrivateInfomationController.swift */ = {isa = PBXFileReference; lastKnownFileType = sourcecode.swift; path = PrivateInfomationController.swift; sourceTree = "<group>"; };
		F6B1861D24CBE35A003C905D /* UserInfoSettingController.swift */ = {isa = PBXFileReference; lastKnownFileType = sourcecode.swift; path = UserInfoSettingController.swift; sourceTree = "<group>"; };
		F6BAAA9326DBA60300B55815 /* en */ = {isa = PBXFileReference; lastKnownFileType = file.storyboard; name = en; path = en.lproj/Interface.storyboard; sourceTree = "<group>"; };
		F6BAAA9426DBA60900B55815 /* ko */ = {isa = PBXFileReference; lastKnownFileType = file.storyboard; name = ko; path = ko.lproj/Interface.storyboard; sourceTree = "<group>"; };
		F6BBA05321C0D81D00C19C27 /* WorkoutViewController.swift */ = {isa = PBXFileReference; lastKnownFileType = sourcecode.swift; path = WorkoutViewController.swift; sourceTree = "<group>"; };
		F6BC90AE24C5C5FF00E2283C /* ExtensionVC.swift */ = {isa = PBXFileReference; lastKnownFileType = sourcecode.swift; path = ExtensionVC.swift; sourceTree = "<group>"; };
		F6BD8501225E1B77009CEE3B /* ResultWorkOut+CoreDataClass.swift */ = {isa = PBXFileReference; lastKnownFileType = sourcecode.swift; path = "ResultWorkOut+CoreDataClass.swift"; sourceTree = "<group>"; };
		F6BD8502225E1B77009CEE3B /* ResultWorkOut+CoreDataProperties.swift */ = {isa = PBXFileReference; lastKnownFileType = sourcecode.swift; name = "ResultWorkOut+CoreDataProperties.swift"; path = "../ResultWorkOut+CoreDataProperties.swift"; sourceTree = "<group>"; };
		F6BF90C121C1408D000AF396 /* Palpito.entitlements */ = {isa = PBXFileReference; lastKnownFileType = text.plist.entitlements; path = Palpito.entitlements; sourceTree = "<group>"; };
		F6C704DA21B4F9A900CC35A4 /* UserPasswordResetViewController.swift */ = {isa = PBXFileReference; lastKnownFileType = sourcecode.swift; path = UserPasswordResetViewController.swift; sourceTree = "<group>"; };
		F6D1BC2C229F758200581073 /* ResultRelax+CoreDataClass.swift */ = {isa = PBXFileReference; lastKnownFileType = sourcecode.swift; path = "ResultRelax+CoreDataClass.swift"; sourceTree = "<group>"; };
		F6D1BC2D229F758200581073 /* ResultRelax+CoreDataProperties.swift */ = {isa = PBXFileReference; lastKnownFileType = sourcecode.swift; path = "ResultRelax+CoreDataProperties.swift"; sourceTree = "<group>"; };
		F6D69EDD23A62FCD007ECB5C /* zone1Recycle.mp3 */ = {isa = PBXFileReference; lastKnownFileType = audio.mp3; path = zone1Recycle.mp3; sourceTree = "<group>"; };
		F6D69EE023A62FCD007ECB5C /* zone4start.mp3 */ = {isa = PBXFileReference; lastKnownFileType = audio.mp3; path = zone4start.mp3; sourceTree = "<group>"; };
		F6D69EE123A62FCD007ECB5C /* zone12Recycle.mp3 */ = {isa = PBXFileReference; lastKnownFileType = audio.mp3; path = zone12Recycle.mp3; sourceTree = "<group>"; };
		F6D69EE223A62FCD007ECB5C /* zone5start.mp3 */ = {isa = PBXFileReference; lastKnownFileType = audio.mp3; path = zone5start.mp3; sourceTree = "<group>"; };
		F6D69EE523A62FCE007ECB5C /* zone2start.mp3 */ = {isa = PBXFileReference; lastKnownFileType = audio.mp3; path = zone2start.mp3; sourceTree = "<group>"; };
		F6D69EE623A62FCE007ECB5C /* zone3start.mp3 */ = {isa = PBXFileReference; lastKnownFileType = audio.mp3; path = zone3start.mp3; sourceTree = "<group>"; };
		F6D69EE723A62FCE007ECB5C /* zone34Recycle.mp3 */ = {isa = PBXFileReference; lastKnownFileType = audio.mp3; path = zone34Recycle.mp3; sourceTree = "<group>"; };
		F6D69EE823A62FCE007ECB5C /* zone45Recycle.mp3 */ = {isa = PBXFileReference; lastKnownFileType = audio.mp3; path = zone45Recycle.mp3; sourceTree = "<group>"; };
		F6D73F26220BF0660091B9D8 /* StageSelectPushViewController.swift */ = {isa = PBXFileReference; lastKnownFileType = sourcecode.swift; path = StageSelectPushViewController.swift; sourceTree = "<group>"; };
		F6D74EF32213E55600D51639 /* MainTabBarViewController.swift */ = {isa = PBXFileReference; lastKnownFileType = sourcecode.swift; path = MainTabBarViewController.swift; sourceTree = "<group>"; };
		F6D78C3924FBC4C500C96FB6 /* Settings.bundle */ = {isa = PBXFileReference; lastKnownFileType = "wrapper.plug-in"; path = Settings.bundle; sourceTree = "<group>"; };
		F6D78C3E24FBCAF200C96FB6 /* AppAuth.license */ = {isa = PBXFileReference; fileEncoding = 4; lastKnownFileType = text; path = AppAuth.license; sourceTree = "<group>"; };
		F6D84B3F247904B700EC56A0 /* SettingViewController.swift */ = {isa = PBXFileReference; lastKnownFileType = sourcecode.swift; path = SettingViewController.swift; sourceTree = "<group>"; };
		F6D84B4224790B1C00EC56A0 /* ConfigCell.swift */ = {isa = PBXFileReference; lastKnownFileType = sourcecode.swift; path = ConfigCell.swift; sourceTree = "<group>"; };
		F6D84B4424790E3C00EC56A0 /* ConfigCell.xib */ = {isa = PBXFileReference; lastKnownFileType = file.xib; path = ConfigCell.xib; sourceTree = "<group>"; };
		F6DDC5FD215DE55600F47FEF /* Userinfo.swift */ = {isa = PBXFileReference; lastKnownFileType = sourcecode.swift; path = Userinfo.swift; sourceTree = "<group>"; };
		F6DDC5FF215DE77400F47FEF /* UserCreate.swift */ = {isa = PBXFileReference; lastKnownFileType = sourcecode.swift; path = UserCreate.swift; sourceTree = "<group>"; };
		F6DFAA6724F0ED0A00A674F7 /* StartPopupController.swift */ = {isa = PBXFileReference; lastKnownFileType = sourcecode.swift; path = StartPopupController.swift; sourceTree = "<group>"; };
		F6EB19F124FBDE0D00CB75E6 /* FirebaseFirestore.license */ = {isa = PBXFileReference; fileEncoding = 4; lastKnownFileType = text; path = FirebaseFirestore.license; sourceTree = "<group>"; };
		F6EB19F224FBDE0E00CB75E6 /* abseil.license */ = {isa = PBXFileReference; fileEncoding = 4; lastKnownFileType = text; path = abseil.license; sourceTree = "<group>"; };
		F6EB19F324FBDE0E00CB75E6 /* FirebaseCore.license */ = {isa = PBXFileReference; fileEncoding = 4; lastKnownFileType = text; path = FirebaseCore.license; sourceTree = "<group>"; };
		F6EB19F424FBDE0F00CB75E6 /* FirebaseDatabase.license */ = {isa = PBXFileReference; fileEncoding = 4; lastKnownFileType = text; path = FirebaseDatabase.license; sourceTree = "<group>"; };
		F6EB19F524FBDE1000CB75E6 /* FirebaseInstanceID.license */ = {isa = PBXFileReference; fileEncoding = 4; lastKnownFileType = text; path = FirebaseInstanceID.license; sourceTree = "<group>"; };
		F6EB19F624FBDE1000CB75E6 /* FirebaseAuthInterop.license */ = {isa = PBXFileReference; fileEncoding = 4; lastKnownFileType = text; path = FirebaseAuthInterop.license; sourceTree = "<group>"; };
		F6EB19F724FBDE1100CB75E6 /* FirebaseAuth.license */ = {isa = PBXFileReference; fileEncoding = 4; lastKnownFileType = text; path = FirebaseAuth.license; sourceTree = "<group>"; };
		F6EB19F824FBDE1200CB75E6 /* FirebaseFirestoreSwift.license */ = {isa = PBXFileReference; fileEncoding = 4; lastKnownFileType = text; path = FirebaseFirestoreSwift.license; sourceTree = "<group>"; };
		F6EB19F924FBDE1300CB75E6 /* FirebaseCoreDiagnosticsInterop.license */ = {isa = PBXFileReference; fileEncoding = 4; lastKnownFileType = text; path = FirebaseCoreDiagnosticsInterop.license; sourceTree = "<group>"; };
		F6EB19FA24FBDE1300CB75E6 /* BoringSSL-GRPC.license */ = {isa = PBXFileReference; fileEncoding = 4; lastKnownFileType = text; path = "BoringSSL-GRPC.license"; sourceTree = "<group>"; };
		F6EB19FB24FBDE1400CB75E6 /* Firebase.license */ = {isa = PBXFileReference; fileEncoding = 4; lastKnownFileType = text; path = Firebase.license; sourceTree = "<group>"; };
		F6EB19FC24FBDE1500CB75E6 /* FirebaseCoreDiagnostics.license */ = {isa = PBXFileReference; fileEncoding = 4; lastKnownFileType = text; path = FirebaseCoreDiagnostics.license; sourceTree = "<group>"; };
		F6EB19FD24FBDE1500CB75E6 /* FirebaseInstallations.license */ = {isa = PBXFileReference; fileEncoding = 4; lastKnownFileType = text; path = FirebaseInstallations.license; sourceTree = "<group>"; };
		F6EBA2DF2213D06200CCA005 /* Base */ = {isa = PBXFileReference; lastKnownFileType = file.storyboard; name = Base; path = Base.lproj/StartApp.storyboard; sourceTree = "<group>"; };
		F6EF57D62483BC8200C4A5C1 /* RangKingCell.swift */ = {isa = PBXFileReference; lastKnownFileType = sourcecode.swift; path = RangKingCell.swift; sourceTree = "<group>"; };
		F6EF57D82483BD9700C4A5C1 /* RankingViewController.swift */ = {isa = PBXFileReference; lastKnownFileType = sourcecode.swift; path = RankingViewController.swift; sourceTree = "<group>"; };
		F6F2A3A5221144DF001FEDBC /* Palpito_watchOS.entitlements */ = {isa = PBXFileReference; lastKnownFileType = text.plist.entitlements; path = Palpito_watchOS.entitlements; sourceTree = "<group>"; };
		F6FF69F824CC488300FF910C /* WebKit.framework */ = {isa = PBXFileReference; lastKnownFileType = wrapper.framework; name = WebKit.framework; path = System/Library/Frameworks/WebKit.framework; sourceTree = SDKROOT; };
/* End PBXFileReference section */

/* Begin PBXFrameworksBuildPhase section */
		21C2E324CAEB2B6D5B0D3AA7 /* Frameworks */ = {
			isa = PBXFrameworksBuildPhase;
			buildActionMask = 2147483647;
			files = (
				ED081591B1FFD7949E38F123 /* libPods-Palpito_watchOS.a in Frameworks */,
			);
			runOnlyForDeploymentPostprocessing = 0;
		};
		F600BEEB2189382D00116455 /* Frameworks */ = {
			isa = PBXFrameworksBuildPhase;
			buildActionMask = 2147483647;
			files = (
				F672414A2189A29B00568038 /* HealthKit.framework in Frameworks */,
				18443F616024F30248448ECD /* libPods-Palpito_watchOS Extension.a in Frameworks */,
			);
			runOnlyForDeploymentPostprocessing = 0;
		};
		F695C313215C9F8B00F4DDEB /* Frameworks */ = {
			isa = PBXFrameworksBuildPhase;
			buildActionMask = 2147483647;
			files = (
				F600BEDE218937C100116455 /* HealthKit.framework in Frameworks */,
				F6FF69F924CC488400FF910C /* WebKit.framework in Frameworks */,
				7D314AC2B53F1F3DAF9CD2A1 /* Pods_Palpito.framework in Frameworks */,
			);
			runOnlyForDeploymentPostprocessing = 0;
		};
/* End PBXFrameworksBuildPhase section */

/* Begin PBXGroup section */
		C318120A71925BD25042E3A1 /* Pods */ = {
			isa = PBXGroup;
			children = (
				2CA2CAB73F927F34DF9FCA6F /* Pods-Palpito.debug.xcconfig */,
				32132D1FD130DA8EE94E82FF /* Pods-Palpito.release.xcconfig */,
				B93F31D316FC58D9A8FCCD2F /* Pods-Palpito_watchOS.debug.xcconfig */,
				7F1865616D7ABF5540A90648 /* Pods-Palpito_watchOS.release.xcconfig */,
				C871B5EF3AFF8DFE4095E1D9 /* Pods-Palpito_watchOS Extension.debug.xcconfig */,
				CC2F3B1F6AE01D4243DFEB33 /* Pods-Palpito_watchOS Extension.release.xcconfig */,
			);
			path = Pods;
			sourceTree = "<group>";
		};
		F600BEE32189382B00116455 /* Palpito_watchOS */ = {
			isa = PBXGroup;
			children = (
				F6A49CF725B45B8900F492AA /* Palpito_watchOSRelease.entitlements */,
				F6F2A3A5221144DF001FEDBC /* Palpito_watchOS.entitlements */,
				F600BEE42189382B00116455 /* Interface.storyboard */,
				F600BEE72189382D00116455 /* Assets.xcassets */,
				F600BEE92189382D00116455 /* Info.plist */,
			);
			path = Palpito_watchOS;
			sourceTree = "<group>";
		};
		F600BEF22189382D00116455 /* Palpito_watchOS Extension */ = {
			isa = PBXGroup;
			children = (
				F60223E525B44F8A00416570 /* Palpito_watchOS ExtensionRelease.entitlements */,
				F600BF092189383D00116455 /* Palpito_watchOS Extension.entitlements */,
				F600BEF32189382D00116455 /* InterfaceController.swift */,
				F600BEF52189382D00116455 /* ExtensionDelegate.swift */,
				F600BEF72189382D00116455 /* NotificationController.swift */,
				F600BEF92189382E00116455 /* Assets.xcassets */,
				F600BEFB2189382E00116455 /* Info.plist */,
				F600BEFC2189382E00116455 /* PushNotificationPayload.apns */,
				F6009CA221E83755007DF73B /* ResultWorkoutInterfaceController.swift */,
				F62790F921E879F3005E2155 /* StandByWorkoutInterfaceController.swift */,
				F66C6E722294D94500621A20 /* RelaxInterfaceController.swift */,
				F60183B92296330800380C47 /* ResultRelaxInterfaceController.swift */,
			);
			path = "Palpito_watchOS Extension";
			sourceTree = "<group>";
		};
		F600BF0A21893FD000116455 /* shared */ = {
			isa = PBXGroup;
			children = (
				F600BF0B2189400700116455 /* HealthKitSharedFunction.swift */,
			);
			path = shared;
			sourceTree = "<group>";
		};
		F6339BFF248360C200EACAEE /* SettingViewControllerDetail */ = {
			isa = PBXGroup;
			children = (
				F6339C00248360ED00EACAEE /* BpmInfoController.swift */,
				F6339C042483614C00EACAEE /* BpmInfoController.xib */,
			);
			path = SettingViewControllerDetail;
			sourceTree = "<group>";
		};
		F68A78792161D86800A1C2A6 /* ImgResource */ = {
			isa = PBXGroup;
			children = (
				F65600CE21789F0700AF9C22 /* 2018-10-18 19.55.34.jpg */,
				F677EB1B21788B3C000AE332 /* 팔피토 로고.png */,
				F68A787F2161DEC400A1C2A6 /* DLRadioButton.h */,
				F68A78802161DEC400A1C2A6 /* DLRadioButton.m */,
				F68A787C2161D8B800A1C2A6 /* UnCheckbox@3x.png */,
				F68A787A2161D89400A1C2A6 /* Checkbox@3x.png */,
				F68A787E2161DEC300A1C2A6 /* Palpito_v0.01-Bridging-Header.h */,
			);
			path = ImgResource;
			sourceTree = "<group>";
		};
		F692BFC22177187000915E33 /* Frameworks */ = {
			isa = PBXGroup;
			children = (
				F6FF69F824CC488300FF910C /* WebKit.framework */,
				F600BEDD218937C100116455 /* HealthKit.framework */,
				74604709ABE3DEF0D72D3188 /* Pods_Palpito.framework */,
				A104FC97EC4E36611B492C35 /* libPods-Palpito_watchOS.a */,
				79309424A392F094463A7D0B /* libPods-Palpito_watchOS Extension.a */,
			);
			name = Frameworks;
			sourceTree = "<group>";
		};
		F69548EB21DD49610083B8D7 /* soundFile */ = {
			isa = PBXGroup;
			children = (
				F680E66D26DB3466005AB251 /* zone1RecycleEng.mp3 */,
				F680E66826DB3466005AB251 /* zone2startEng.mp3 */,
				F680E66C26DB3466005AB251 /* zone3startEng.mp3 */,
				F680E66F26DB3466005AB251 /* zone4startEng.mp3 */,
				F680E66B26DB3466005AB251 /* zone5startEng.mp3 */,
				F680E66A26DB3466005AB251 /* zone12RecycleEng.mp3 */,
				F680E66926DB3466005AB251 /* zone34RecycleEng.mp3 */,
				F680E66E26DB3466005AB251 /* zone45RecycleEng.mp3 */,
				F6D69EDD23A62FCD007ECB5C /* zone1Recycle.mp3 */,
				F6D69EE523A62FCE007ECB5C /* zone2start.mp3 */,
				F6D69EE623A62FCE007ECB5C /* zone3start.mp3 */,
				F6D69EE023A62FCD007ECB5C /* zone4start.mp3 */,
				F6D69EE223A62FCD007ECB5C /* zone5start.mp3 */,
				F6D69EE123A62FCD007ECB5C /* zone12Recycle.mp3 */,
				F6D69EE723A62FCE007ECB5C /* zone34Recycle.mp3 */,
				F6D69EE823A62FCE007ECB5C /* zone45Recycle.mp3 */,
			);
			path = soundFile;
			sourceTree = "<group>";
		};
		F695C30D215C9F8B00F4DDEB = {
			isa = PBXGroup;
			children = (
				F60223E225B44F5100416570 /* PalpitoRelease.entitlements */,
				F6D78C3B24FBCA5F00C96FB6 /* licenses */,
				F6D78C3924FBC4C500C96FB6 /* Settings.bundle */,
				F6BF90C121C1408D000AF396 /* Palpito.entitlements */,
				F695C318215C9F8B00F4DDEB /* Palpito_v0.01 */,
				F600BEE32189382B00116455 /* Palpito_watchOS */,
				F600BEF22189382D00116455 /* Palpito_watchOS Extension */,
				F695C317215C9F8B00F4DDEB /* Products */,
				F600BF0A21893FD000116455 /* shared */,
				F692BFC22177187000915E33 /* Frameworks */,
				C318120A71925BD25042E3A1 /* Pods */,
			);
			sourceTree = "<group>";
		};
		F695C317215C9F8B00F4DDEB /* Products */ = {
			isa = PBXGroup;
			children = (
				F695C316215C9F8B00F4DDEB /* Palpito.app */,
				F600BEE22189382B00116455 /* Palpito_watchOS.app */,
				F600BEEE2189382D00116455 /* Palpito_watchOS Extension.appex */,
			);
			name = Products;
			sourceTree = "<group>";
		};
		F695C318215C9F8B00F4DDEB /* Palpito_v0.01 */ = {
			isa = PBXGroup;
			children = (
				F6232505251726F900EE2C88 /* GoogleService-Info.plist */,
				F6339BFF248360C200EACAEE /* SettingViewControllerDetail */,
				F6D84B4124790AEF00EC56A0 /* cell */,
				F6D1BC2C229F758200581073 /* ResultRelax+CoreDataClass.swift */,
				F6D1BC2D229F758200581073 /* ResultRelax+CoreDataProperties.swift */,
				F6BD8502225E1B77009CEE3B /* ResultWorkOut+CoreDataProperties.swift */,
				F6BD8501225E1B77009CEE3B /* ResultWorkOut+CoreDataClass.swift */,
				F62788442201921D003B3540 /* MyStage+CoreDataClass.swift */,
				F62788452201921D003B3540 /* MyStage+CoreDataProperties.swift */,
				F600BEDF218937C100116455 /* Palpito.entitlements */,
				F69548EB21DD49610083B8D7 /* soundFile */,
				F68A78792161D86800A1C2A6 /* ImgResource */,
				F695C319215C9F8B00F4DDEB /* AppDelegate.swift */,
				F60FEFC921BE36CD00D4029B /* CustomNavigationController.swift */,
				F6DDC5FD215DE55600F47FEF /* Userinfo.swift */,
				F695C31B215C9F8B00F4DDEB /* ViewController.swift */,
				F67B90752227712700B7042D /* ReadyWorkoutViewController.swift */,
				F6DDC5FF215DE77400F47FEF /* UserCreate.swift */,
				F695C31D215C9F8B00F4DDEB /* Main.storyboard */,
				F6EBA2E02213D06200CCA005 /* StartApp.storyboard */,
				F6EBA2E32213D07900CCA005 /* SignUp.storyboard */,
				F6D73F26220BF0660091B9D8 /* StageSelectPushViewController.swift */,
				F630D89F222D7CD00062CB80 /* BackgroundWorkoutViewController.swift */,
				F6D74EF32213E55600D51639 /* MainTabBarViewController.swift */,
				F610219721FF0493006D821E /* ResultWorkoutViewController.swift */,
				F6BBA05321C0D81D00C19C27 /* WorkoutViewController.swift */,
				F60228E5221BE2940012BF46 /* DaliyWorkoutViewController.swift */,
				F6C704DA21B4F9A900CC35A4 /* UserPasswordResetViewController.swift */,
				F67B2065215DB1CC0092077F /* AgeAddViewController.swift */,
				F68A78822161E87900A1C2A6 /* PopUpViewController.swift */,
				F69BE3872201887000B9C1CC /* PersistenceService.swift */,
				F695C320215C9F8C00F4DDEB /* Assets.xcassets */,
				F695C322215C9F8C00F4DDEB /* LaunchScreen.storyboard */,
				F695C325215C9F8C00F4DDEB /* Info.plist */,
				F65F87D5215DA7EB00E03BFE /* EmailAddViewController.swift */,
				F6009C9F21E82D5A007DF73B /* palpito_Data.xcdatamodeld */,
				F69BE38922018BCE00B9C1CC /* MyPageViewController.swift */,
				F60183BB2296390700380C47 /* RelaxViewController.swift */,
				F69F502522963AA800581B49 /* ResultRelaxViewController.swift */,
				F6D84B3F247904B700EC56A0 /* SettingViewController.swift */,
				F6EF57D82483BD9700C4A5C1 /* RankingViewController.swift */,
				F6BC90AE24C5C5FF00E2283C /* ExtensionVC.swift */,
				F6B1861B24CBE1EB003C905D /* PrivateInfomationController.swift */,
				F6B1861D24CBE35A003C905D /* UserInfoSettingController.swift */,
				F6DFAA6724F0ED0A00A674F7 /* StartPopupController.swift */,
				F692306B26592E6C005D93DD /* RangkingSampleController.swift */,
				F68C772326CA9BA7008C14F0 /* Localizable.strings */,
			);
			path = Palpito_v0.01;
			sourceTree = "<group>";
		};
		F6D78C3B24FBCA5F00C96FB6 /* licenses */ = {
			isa = PBXGroup;
			children = (
				F6EB19F224FBDE0E00CB75E6 /* abseil.license */,
				F6EB19FA24FBDE1300CB75E6 /* BoringSSL-GRPC.license */,
				F6EB19FB24FBDE1400CB75E6 /* Firebase.license */,
				F6EB19F724FBDE1100CB75E6 /* FirebaseAuth.license */,
				F6EB19F624FBDE1000CB75E6 /* FirebaseAuthInterop.license */,
				F6EB19F324FBDE0E00CB75E6 /* FirebaseCore.license */,
				F6EB19FC24FBDE1500CB75E6 /* FirebaseCoreDiagnostics.license */,
				F6EB19F924FBDE1300CB75E6 /* FirebaseCoreDiagnosticsInterop.license */,
				F6EB19F424FBDE0F00CB75E6 /* FirebaseDatabase.license */,
				F6EB19F124FBDE0D00CB75E6 /* FirebaseFirestore.license */,
				F6EB19F824FBDE1200CB75E6 /* FirebaseFirestoreSwift.license */,
				F6EB19FD24FBDE1500CB75E6 /* FirebaseInstallations.license */,
				F6EB19F524FBDE1000CB75E6 /* FirebaseInstanceID.license */,
				F6D78C3E24FBCAF200C96FB6 /* AppAuth.license */,
			);
			path = licenses;
			sourceTree = "<group>";
		};
		F6D84B4124790AEF00EC56A0 /* cell */ = {
			isa = PBXGroup;
			children = (
				F6D84B4224790B1C00EC56A0 /* ConfigCell.swift */,
				F6D84B4424790E3C00EC56A0 /* ConfigCell.xib */,
				F6EF57D62483BC8200C4A5C1 /* RangKingCell.swift */,
				F69413AA24C8798D0008531D /* MovieVO.swift */,
				F69C0659265684CE00407370 /* RangKingHeader.swift */,
				F69C065D2656886000407370 /* RangkingSubHeader.swift */,
			);
			path = cell;
			sourceTree = "<group>";
		};
/* End PBXGroup section */

/* Begin PBXNativeTarget section */
		F600BEE12189382B00116455 /* Palpito_watchOS */ = {
			isa = PBXNativeTarget;
			buildConfigurationList = F600BF042189382E00116455 /* Build configuration list for PBXNativeTarget "Palpito_watchOS" */;
			buildPhases = (
				7FFE1A500E0483B4D7C52D85 /* [CP] Check Pods Manifest.lock */,
				F600BEE02189382B00116455 /* Resources */,
				F600BF032189382E00116455 /* Embed App Extensions */,
				21C2E324CAEB2B6D5B0D3AA7 /* Frameworks */,
			);
			buildRules = (
			);
			dependencies = (
				F600BEF12189382D00116455 /* PBXTargetDependency */,
			);
			name = Palpito_watchOS;
			productName = Palpito_watchOS;
			productReference = F600BEE22189382B00116455 /* Palpito_watchOS.app */;
			productType = "com.apple.product-type.application.watchapp2";
		};
		F600BEED2189382D00116455 /* Palpito_watchOS Extension */ = {
			isa = PBXNativeTarget;
			buildConfigurationList = F600BF002189382E00116455 /* Build configuration list for PBXNativeTarget "Palpito_watchOS Extension" */;
			buildPhases = (
				5F847EF5D24E988D7A49E7CA /* [CP] Check Pods Manifest.lock */,
				F600BEEA2189382D00116455 /* Sources */,
				F600BEEB2189382D00116455 /* Frameworks */,
				F600BEEC2189382D00116455 /* Resources */,
			);
			buildRules = (
			);
			dependencies = (
			);
			name = "Palpito_watchOS Extension";
			productName = "Palpito_watchOS Extension";
			productReference = F600BEEE2189382D00116455 /* Palpito_watchOS Extension.appex */;
			productType = "com.apple.product-type.watchkit2-extension";
		};
		F695C315215C9F8B00F4DDEB /* Palpito */ = {
			isa = PBXNativeTarget;
			buildConfigurationList = F695C328215C9F8C00F4DDEB /* Build configuration list for PBXNativeTarget "Palpito" */;
			buildPhases = (
				05F9E0A1E829709E96543E29 /* [CP] Check Pods Manifest.lock */,
				F695C312215C9F8B00F4DDEB /* Sources */,
				F695C313215C9F8B00F4DDEB /* Frameworks */,
				F695C314215C9F8B00F4DDEB /* Resources */,
				F692BFC02177143E00915E33 /* Embed Watch Content */,
				F6F2A3B7221147EF001FEDBC /* Embed Frameworks */,
				F67D12602513858D00E70692 /* ShellScript */,
				F6FE8813266CF0620087EFE2 /* FireBase Crashlytics */,
				0DFC776B91D9F578EDB1344A /* [CP] Embed Pods Frameworks */,
			);
			buildRules = (
			);
			dependencies = (
				F600BEFE2189382E00116455 /* PBXTargetDependency */,
			);
			name = Palpito;
			productName = Palpito_v0.01;
			productReference = F695C316215C9F8B00F4DDEB /* Palpito.app */;
			productType = "com.apple.product-type.application";
		};
/* End PBXNativeTarget section */

/* Begin PBXProject section */
		F695C30E215C9F8B00F4DDEB /* Project object */ = {
			isa = PBXProject;
			attributes = {
				LastSwiftUpdateCheck = 1000;
				LastUpgradeCheck = 1200;
				ORGANIZATIONNAME = "김정식";
				TargetAttributes = {
					F600BEE12189382B00116455 = {
						CreatedOnToolsVersion = 10.0;
						SystemCapabilities = {
							com.apple.ApplicationGroups.iOS = {
								enabled = 0;
							};
						};
					};
					F600BEED2189382D00116455 = {
						CreatedOnToolsVersion = 10.0;
						SystemCapabilities = {
							com.apple.ApplicationGroups.iOS = {
								enabled = 1;
							};
							com.apple.BackgroundModes.watchos.extension = {
								enabled = 1;
							};
							com.apple.HealthKit.watchos = {
								enabled = 1;
							};
						};
					};
					F695C315215C9F8B00F4DDEB = {
						CreatedOnToolsVersion = 10.0;
						LastSwiftMigration = 1000;
						SystemCapabilities = {
							com.apple.ApplicationGroups.iOS = {
								enabled = 1;
							};
							com.apple.BackgroundModes = {
								enabled = 1;
							};
							com.apple.HealthKit = {
								enabled = 1;
							};
						};
					};
				};
			};
			buildConfigurationList = F695C311215C9F8B00F4DDEB /* Build configuration list for PBXProject "Palpito" */;
			compatibilityVersion = "Xcode 12.0";
			developmentRegion = en;
			hasScannedForEncodings = 0;
			knownRegions = (
				en,
				Base,
				ko,
			);
			mainGroup = F695C30D215C9F8B00F4DDEB;
			productRefGroup = F695C317215C9F8B00F4DDEB /* Products */;
			projectDirPath = "";
			projectRoot = "";
			targets = (
				F695C315215C9F8B00F4DDEB /* Palpito */,
				F600BEE12189382B00116455 /* Palpito_watchOS */,
				F600BEED2189382D00116455 /* Palpito_watchOS Extension */,
			);
		};
/* End PBXProject section */

/* Begin PBXResourcesBuildPhase section */
		F600BEE02189382B00116455 /* Resources */ = {
			isa = PBXResourcesBuildPhase;
			buildActionMask = 2147483647;
			files = (
				F600BEE82189382D00116455 /* Assets.xcassets in Resources */,
				F600BEE62189382B00116455 /* Interface.storyboard in Resources */,
			);
			runOnlyForDeploymentPostprocessing = 0;
		};
		F600BEEC2189382D00116455 /* Resources */ = {
			isa = PBXResourcesBuildPhase;
			buildActionMask = 2147483647;
			files = (
				F600BEFA2189382E00116455 /* Assets.xcassets in Resources */,
			);
			runOnlyForDeploymentPostprocessing = 0;
		};
		F695C314215C9F8B00F4DDEB /* Resources */ = {
			isa = PBXResourcesBuildPhase;
			buildActionMask = 2147483647;
			files = (
				F68A787B2161D89400A1C2A6 /* Checkbox@3x.png in Resources */,
				F68A787D2161D8B800A1C2A6 /* UnCheckbox@3x.png in Resources */,
				F6EB1A0324FBDE1500CB75E6 /* FirebaseAuthInterop.license in Resources */,
				F6D78C3A24FBC4C500C96FB6 /* Settings.bundle in Resources */,
				F6EB1A0424FBDE1500CB75E6 /* FirebaseAuth.license in Resources */,
				F6EB1A0024FBDE1500CB75E6 /* FirebaseCore.license in Resources */,
				F6EB19FF24FBDE1500CB75E6 /* abseil.license in Resources */,
				F6D69EEE23A62FCE007ECB5C /* zone12Recycle.mp3 in Resources */,
				F6D69EEA23A62FCE007ECB5C /* zone1Recycle.mp3 in Resources */,
				F680E67626DB3466005AB251 /* zone45RecycleEng.mp3 in Resources */,
				F680E67026DB3466005AB251 /* zone2startEng.mp3 in Resources */,
				F695C324215C9F8C00F4DDEB /* LaunchScreen.storyboard in Resources */,
				F65600CF21789F0700AF9C22 /* 2018-10-18 19.55.34.jpg in Resources */,
				F680E67426DB3466005AB251 /* zone3startEng.mp3 in Resources */,
				F680E67526DB3466005AB251 /* zone1RecycleEng.mp3 in Resources */,
				F6EB1A0124FBDE1500CB75E6 /* FirebaseDatabase.license in Resources */,
				F695C321215C9F8C00F4DDEB /* Assets.xcassets in Resources */,
				F68C772126CA9BA7008C14F0 /* Localizable.strings in Resources */,
				F677EB1C21788B3C000AE332 /* 팔피토 로고.png in Resources */,
				F680E67726DB3466005AB251 /* zone4startEng.mp3 in Resources */,
				F680E67326DB3466005AB251 /* zone5startEng.mp3 in Resources */,
				F6EB1A0524FBDE1500CB75E6 /* FirebaseFirestoreSwift.license in Resources */,
				F6232506251726FA00EE2C88 /* GoogleService-Info.plist in Resources */,
				F6EB1A0224FBDE1500CB75E6 /* FirebaseInstanceID.license in Resources */,
				F6D69EEF23A62FCE007ECB5C /* zone5start.mp3 in Resources */,
				F695C31F215C9F8B00F4DDEB /* Main.storyboard in Resources */,
				F680E67226DB3466005AB251 /* zone12RecycleEng.mp3 in Resources */,
				F6339C052483614C00EACAEE /* BpmInfoController.xib in Resources */,
				F6EB1A0724FBDE1500CB75E6 /* BoringSSL-GRPC.license in Resources */,
				F6EB1A0624FBDE1500CB75E6 /* FirebaseCoreDiagnosticsInterop.license in Resources */,
				F6D69EF523A62FCE007ECB5C /* zone45Recycle.mp3 in Resources */,
				F6D69EF423A62FCE007ECB5C /* zone34Recycle.mp3 in Resources */,
				F680E67126DB3466005AB251 /* zone34RecycleEng.mp3 in Resources */,
				F6EB1A0824FBDE1500CB75E6 /* Firebase.license in Resources */,
				F6EBA2E12213D07900CCA005 /* SignUp.storyboard in Resources */,
				F6EB1A0A24FBDE1500CB75E6 /* FirebaseInstallations.license in Resources */,
				F6EBA2DE2213D06200CCA005 /* StartApp.storyboard in Resources */,
				F6D78C3F24FBCAF200C96FB6 /* AppAuth.license in Resources */,
				F6D69EED23A62FCE007ECB5C /* zone4start.mp3 in Resources */,
				F6EB1A0924FBDE1500CB75E6 /* FirebaseCoreDiagnostics.license in Resources */,
				F6D84B4524790E3C00EC56A0 /* ConfigCell.xib in Resources */,
				F6D69EF323A62FCE007ECB5C /* zone3start.mp3 in Resources */,
				F6EB19FE24FBDE1500CB75E6 /* FirebaseFirestore.license in Resources */,
				F6D69EF223A62FCE007ECB5C /* zone2start.mp3 in Resources */,
			);
			runOnlyForDeploymentPostprocessing = 0;
		};
/* End PBXResourcesBuildPhase section */

/* Begin PBXShellScriptBuildPhase section */
		05F9E0A1E829709E96543E29 /* [CP] Check Pods Manifest.lock */ = {
			isa = PBXShellScriptBuildPhase;
			buildActionMask = 2147483647;
			files = (
			);
			inputFileListPaths = (
			);
			inputPaths = (
				"${PODS_PODFILE_DIR_PATH}/Podfile.lock",
				"${PODS_ROOT}/Manifest.lock",
			);
			name = "[CP] Check Pods Manifest.lock";
			outputFileListPaths = (
			);
			outputPaths = (
				"$(DERIVED_FILE_DIR)/Pods-Palpito-checkManifestLockResult.txt",
			);
			runOnlyForDeploymentPostprocessing = 0;
			shellPath = /bin/sh;
			shellScript = "diff \"${PODS_PODFILE_DIR_PATH}/Podfile.lock\" \"${PODS_ROOT}/Manifest.lock\" > /dev/null\nif [ $? != 0 ] ; then\n    # print error to STDERR\n    echo \"error: The sandbox is not in sync with the Podfile.lock. Run 'pod install' or update your CocoaPods installation.\" >&2\n    exit 1\nfi\n# This output is used by Xcode 'outputs' to avoid re-running this script phase.\necho \"SUCCESS\" > \"${SCRIPT_OUTPUT_FILE_0}\"\n";
			showEnvVarsInLog = 0;
		};
		0DFC776B91D9F578EDB1344A /* [CP] Embed Pods Frameworks */ = {
			isa = PBXShellScriptBuildPhase;
			buildActionMask = 2147483647;
			files = (
			);
			inputFileListPaths = (
				"${PODS_ROOT}/Target Support Files/Pods-Palpito/Pods-Palpito-frameworks-${CONFIGURATION}-input-files.xcfilelist",
			);
			name = "[CP] Embed Pods Frameworks";
			outputFileListPaths = (
				"${PODS_ROOT}/Target Support Files/Pods-Palpito/Pods-Palpito-frameworks-${CONFIGURATION}-output-files.xcfilelist",
			);
			runOnlyForDeploymentPostprocessing = 0;
			shellPath = /bin/sh;
			shellScript = "\"${PODS_ROOT}/Target Support Files/Pods-Palpito/Pods-Palpito-frameworks.sh\"\n";
			showEnvVarsInLog = 0;
		};
		5F847EF5D24E988D7A49E7CA /* [CP] Check Pods Manifest.lock */ = {
			isa = PBXShellScriptBuildPhase;
			buildActionMask = 2147483647;
			files = (
			);
			inputFileListPaths = (
			);
			inputPaths = (
				"${PODS_PODFILE_DIR_PATH}/Podfile.lock",
				"${PODS_ROOT}/Manifest.lock",
			);
			name = "[CP] Check Pods Manifest.lock";
			outputFileListPaths = (
			);
			outputPaths = (
				"$(DERIVED_FILE_DIR)/Pods-Palpito_watchOS Extension-checkManifestLockResult.txt",
			);
			runOnlyForDeploymentPostprocessing = 0;
			shellPath = /bin/sh;
			shellScript = "diff \"${PODS_PODFILE_DIR_PATH}/Podfile.lock\" \"${PODS_ROOT}/Manifest.lock\" > /dev/null\nif [ $? != 0 ] ; then\n    # print error to STDERR\n    echo \"error: The sandbox is not in sync with the Podfile.lock. Run 'pod install' or update your CocoaPods installation.\" >&2\n    exit 1\nfi\n# This output is used by Xcode 'outputs' to avoid re-running this script phase.\necho \"SUCCESS\" > \"${SCRIPT_OUTPUT_FILE_0}\"\n";
			showEnvVarsInLog = 0;
		};
		7FFE1A500E0483B4D7C52D85 /* [CP] Check Pods Manifest.lock */ = {
			isa = PBXShellScriptBuildPhase;
			buildActionMask = 2147483647;
			files = (
			);
			inputFileListPaths = (
			);
			inputPaths = (
				"${PODS_PODFILE_DIR_PATH}/Podfile.lock",
				"${PODS_ROOT}/Manifest.lock",
			);
			name = "[CP] Check Pods Manifest.lock";
			outputFileListPaths = (
			);
			outputPaths = (
				"$(DERIVED_FILE_DIR)/Pods-Palpito_watchOS-checkManifestLockResult.txt",
			);
			runOnlyForDeploymentPostprocessing = 0;
			shellPath = /bin/sh;
			shellScript = "diff \"${PODS_PODFILE_DIR_PATH}/Podfile.lock\" \"${PODS_ROOT}/Manifest.lock\" > /dev/null\nif [ $? != 0 ] ; then\n    # print error to STDERR\n    echo \"error: The sandbox is not in sync with the Podfile.lock. Run 'pod install' or update your CocoaPods installation.\" >&2\n    exit 1\nfi\n# This output is used by Xcode 'outputs' to avoid re-running this script phase.\necho \"SUCCESS\" > \"${SCRIPT_OUTPUT_FILE_0}\"\n";
			showEnvVarsInLog = 0;
		};
		F67D12602513858D00E70692 /* ShellScript */ = {
			isa = PBXShellScriptBuildPhase;
			buildActionMask = 12;
			files = (
			);
			inputFileListPaths = (
			);
			inputPaths = (
			);
			outputFileListPaths = (
			);
			outputPaths = (
			);
			runOnlyForDeploymentPostprocessing = 0;
			shellPath = /bin/sh;
			shellScript = "# Type a script or drag a script file from your workspace to insert its path.\n\"${PODS_ROOT}/FirebaseCrashlytics/run\"\n";
		};
		F6FE8813266CF0620087EFE2 /* FireBase Crashlytics */ = {
			isa = PBXShellScriptBuildPhase;
			buildActionMask = 2147483647;
			files = (
			);
			inputFileListPaths = (
			);
			inputPaths = (
			);
			name = "FireBase Crashlytics";
			outputFileListPaths = (
			);
			outputPaths = (
			);
			runOnlyForDeploymentPostprocessing = 0;
			shellPath = /bin/sh;
			shellScript = "#if [ \"${CONFIGURATION}\" != \"Debug\" ]; then\n #   \"${PODS_ROOT}/FirebaseCrashlytics/run\"\n #   \"${PODS_ROOT}/FirebaseCrashlytics/upload-symbols\" -gsp ${BUILT_PRODUCTS_DIR}/${PRODUCT_NAME}.app/GoogleService-Info.plist -p ios ${DWARF_DSYM_FOLDER_PATH}/${DWARF_DSYM_FILE_NAME}\n#fi\n";
		};
/* End PBXShellScriptBuildPhase section */

/* Begin PBXSourcesBuildPhase section */
		F600BEEA2189382D00116455 /* Sources */ = {
			isa = PBXSourcesBuildPhase;
			buildActionMask = 2147483647;
			files = (
				F6009CA321E83755007DF73B /* ResultWorkoutInterfaceController.swift in Sources */,
				F66C6E732294D94500621A20 /* RelaxInterfaceController.swift in Sources */,
				F62790FA21E879F3005E2155 /* StandByWorkoutInterfaceController.swift in Sources */,
				F600BEF82189382D00116455 /* NotificationController.swift in Sources */,
				F600BF0D2189400700116455 /* HealthKitSharedFunction.swift in Sources */,
				F600BEF62189382D00116455 /* ExtensionDelegate.swift in Sources */,
				F600BEF42189382D00116455 /* InterfaceController.swift in Sources */,
				F60183BA2296330800380C47 /* ResultRelaxInterfaceController.swift in Sources */,
			);
			runOnlyForDeploymentPostprocessing = 0;
		};
		F695C312215C9F8B00F4DDEB /* Sources */ = {
			isa = PBXSourcesBuildPhase;
			buildActionMask = 2147483647;
			files = (
				F6BD8503225E1B77009CEE3B /* ResultWorkOut+CoreDataClass.swift in Sources */,
				F6009CA121E82D5A007DF73B /* palpito_Data.xcdatamodeld in Sources */,
				F6BD8504225E1B77009CEE3B /* ResultWorkOut+CoreDataProperties.swift in Sources */,
				F6D1BC2F229F758200581073 /* ResultRelax+CoreDataProperties.swift in Sources */,
				F6D84B40247904B700EC56A0 /* SettingViewController.swift in Sources */,
				F68A78812161DEC400A1C2A6 /* DLRadioButton.m in Sources */,
				F68A78832161E87900A1C2A6 /* PopUpViewController.swift in Sources */,
				F60228E6221BE2940012BF46 /* DaliyWorkoutViewController.swift in Sources */,
				F65F87D6215DA7EB00E03BFE /* EmailAddViewController.swift in Sources */,
				F6EF57D92483BD9700C4A5C1 /* RankingViewController.swift in Sources */,
				F67B2066215DB1CC0092077F /* AgeAddViewController.swift in Sources */,
				F62788462201921D003B3540 /* MyStage+CoreDataClass.swift in Sources */,
				F610219821FF0493006D821E /* ResultWorkoutViewController.swift in Sources */,
				F6D74EF42213E55600D51639 /* MainTabBarViewController.swift in Sources */,
				F60FEFCA21BE36CD00D4029B /* CustomNavigationController.swift in Sources */,
				F695C31C215C9F8B00F4DDEB /* ViewController.swift in Sources */,
				F6D84B4324790B1C00EC56A0 /* ConfigCell.swift in Sources */,
				F69F50242296399100581B49 /* RelaxViewController.swift in Sources */,
				F630D8A0222D7CD00062CB80 /* BackgroundWorkoutViewController.swift in Sources */,
				F600BF0C2189400700116455 /* HealthKitSharedFunction.swift in Sources */,
				F6339C02248360ED00EACAEE /* BpmInfoController.swift in Sources */,
				F67B90762227712700B7042D /* ReadyWorkoutViewController.swift in Sources */,
				F6B1861C24CBE1EB003C905D /* PrivateInfomationController.swift in Sources */,
				F6BC90AF24C5C5FF00E2283C /* ExtensionVC.swift in Sources */,
				F6DFAA6824F0ED0A00A674F7 /* StartPopupController.swift in Sources */,
				F650C0A0221151AE001823F7 /* PersistenceService.swift in Sources */,
				F69C065E2656886000407370 /* RangkingSubHeader.swift in Sources */,
				F695C31A215C9F8B00F4DDEB /* AppDelegate.swift in Sources */,
				F692306C26592E6C005D93DD /* RangkingSampleController.swift in Sources */,
				F69413AB24C8798D0008531D /* MovieVO.swift in Sources */,
				F69F502622963AA800581B49 /* ResultRelaxViewController.swift in Sources */,
				F62788472201921D003B3540 /* MyStage+CoreDataProperties.swift in Sources */,
				F6B1861E24CBE35A003C905D /* UserInfoSettingController.swift in Sources */,
				F6EF57D72483BC8200C4A5C1 /* RangKingCell.swift in Sources */,
				F6D1BC2E229F758200581073 /* ResultRelax+CoreDataClass.swift in Sources */,
				F69C065A265684CE00407370 /* RangKingHeader.swift in Sources */,
				F69BE38A22018BCE00B9C1CC /* MyPageViewController.swift in Sources */,
				F6DDC600215DE77400F47FEF /* UserCreate.swift in Sources */,
				F6BBA05421C0D81D00C19C27 /* WorkoutViewController.swift in Sources */,
				F6DDC5FE215DE55600F47FEF /* Userinfo.swift in Sources */,
				F6D73F27220BF0660091B9D8 /* StageSelectPushViewController.swift in Sources */,
				F6C704DB21B4F9A900CC35A4 /* UserPasswordResetViewController.swift in Sources */,
			);
			runOnlyForDeploymentPostprocessing = 0;
		};
/* End PBXSourcesBuildPhase section */

/* Begin PBXTargetDependency section */
		F600BEF12189382D00116455 /* PBXTargetDependency */ = {
			isa = PBXTargetDependency;
			target = F600BEED2189382D00116455 /* Palpito_watchOS Extension */;
			targetProxy = F600BEF02189382D00116455 /* PBXContainerItemProxy */;
		};
		F600BEFE2189382E00116455 /* PBXTargetDependency */ = {
			isa = PBXTargetDependency;
			target = F600BEE12189382B00116455 /* Palpito_watchOS */;
			targetProxy = F600BEFD2189382E00116455 /* PBXContainerItemProxy */;
		};
/* End PBXTargetDependency section */

/* Begin PBXVariantGroup section */
		F600BEE42189382B00116455 /* Interface.storyboard */ = {
			isa = PBXVariantGroup;
			children = (
				F600BEE52189382B00116455 /* Base */,
				F6BAAA9326DBA60300B55815 /* en */,
				F6BAAA9426DBA60900B55815 /* ko */,
			);
			name = Interface.storyboard;
			path = Palpito_watchOS;
			sourceTree = SOURCE_ROOT;
		};
		F68C772326CA9BA7008C14F0 /* Localizable.strings */ = {
			isa = PBXVariantGroup;
			children = (
				F68C772226CA9BA7008C14F0 /* en */,
				F68C772926CA9BD3008C14F0 /* ko */,
			);
			name = Localizable.strings;
			sourceTree = "<group>";
		};
		F695C31D215C9F8B00F4DDEB /* Main.storyboard */ = {
			isa = PBXVariantGroup;
			children = (
				F68C772726CA9BCF008C14F0 /* ko */,
				F6129D1A26D22CF100B76A34 /* Base */,
				F6129D1C26D22D0800B76A34 /* en */,
			);
			name = Main.storyboard;
			sourceTree = "<group>";
		};
		F695C322215C9F8C00F4DDEB /* LaunchScreen.storyboard */ = {
			isa = PBXVariantGroup;
			children = (
				F695C323215C9F8C00F4DDEB /* Base */,
				F68C772526CA9BCC008C14F0 /* ko */,
			);
			name = LaunchScreen.storyboard;
			sourceTree = "<group>";
		};
		F6EBA2E02213D06200CCA005 /* StartApp.storyboard */ = {
			isa = PBXVariantGroup;
			children = (
				F6EBA2DF2213D06200CCA005 /* Base */,
				F6129D1726D216AA00B76A34 /* en */,
				F6129D2026D233A100B76A34 /* ko */,
			);
			name = StartApp.storyboard;
			sourceTree = "<group>";
		};
		F6EBA2E32213D07900CCA005 /* SignUp.storyboard */ = {
			isa = PBXVariantGroup;
			children = (
				F68C772826CA9BD1008C14F0 /* ko */,
				F6129D1D26D22EC500B76A34 /* Base */,
				F6129D1F26D22ED500B76A34 /* en */,
			);
			name = SignUp.storyboard;
			sourceTree = "<group>";
		};
/* End PBXVariantGroup section */

/* Begin XCBuildConfiguration section */
		F600BF012189382E00116455 /* Debug */ = {
			isa = XCBuildConfiguration;
			baseConfigurationReference = C871B5EF3AFF8DFE4095E1D9 /* Pods-Palpito_watchOS Extension.debug.xcconfig */;
			buildSettings = {
				ASSETCATALOG_COMPILER_COMPLICATION_NAME = Complication;
				CODE_SIGN_ALLOW_ENTITLEMENTS_MODIFICATION = YES;
				CODE_SIGN_ENTITLEMENTS = "Palpito_watchOS Extension/Palpito_watchOS Extension.entitlements";
				CODE_SIGN_IDENTITY = "Apple Development";
				CODE_SIGN_STYLE = Automatic;
				CURRENT_PROJECT_VERSION = 5;
				DEBUG_INFORMATION_FORMAT = "dwarf-with-dsym";
				DEVELOPMENT_TEAM = 54B55B6766;
				ENABLE_TESTABILITY = NO;
				INFOPLIST_FILE = "Palpito_watchOS Extension/Info.plist";
				IPHONEOS_DEPLOYMENT_TARGET = 14.0;
				LD_RUNPATH_SEARCH_PATHS = (
					"$(inherited)",
					"@executable_path/Frameworks",
					"@executable_path/../../Frameworks",
				);
				MARKETING_VERSION = 1.7.2;
				ONLY_ACTIVE_ARCH = YES;
				PRODUCT_BUNDLE_IDENTIFIER = xyz.palpito.dev.app.watchkitapp.watchkitextension;
				PRODUCT_NAME = "${TARGET_NAME}";
				PROVISIONING_PROFILE_SPECIFIER = "";
				SDKROOT = watchos;
				SKIP_INSTALL = YES;
				SWIFT_VERSION = 4.2;
				TARGETED_DEVICE_FAMILY = 4;
				WATCHOS_DEPLOYMENT_TARGET = 7.4;
			};
			name = Debug;
		};
		F600BF022189382E00116455 /* Release */ = {
			isa = XCBuildConfiguration;
			baseConfigurationReference = CC2F3B1F6AE01D4243DFEB33 /* Pods-Palpito_watchOS Extension.release.xcconfig */;
			buildSettings = {
				ASSETCATALOG_COMPILER_COMPLICATION_NAME = Complication;
				CODE_SIGN_ALLOW_ENTITLEMENTS_MODIFICATION = YES;
				CODE_SIGN_ENTITLEMENTS = "Palpito_watchOS Extension/Palpito_watchOS ExtensionRelease.entitlements";
				CODE_SIGN_IDENTITY = "Apple Development";
				CODE_SIGN_STYLE = Automatic;
				CURRENT_PROJECT_VERSION = 5;
				DEBUG_INFORMATION_FORMAT = "dwarf-with-dsym";
				DEVELOPMENT_TEAM = 54B55B6766;
				INFOPLIST_FILE = "Palpito_watchOS Extension/Info.plist";
				IPHONEOS_DEPLOYMENT_TARGET = 14.0;
				LD_RUNPATH_SEARCH_PATHS = (
					"$(inherited)",
					"@executable_path/Frameworks",
					"@executable_path/../../Frameworks",
				);
				MARKETING_VERSION = 1.7.2;
				ONLY_ACTIVE_ARCH = YES;
				PRODUCT_BUNDLE_IDENTIFIER = xyz.palpito.dev.app.watchkitapp.watchkitextension;
				PRODUCT_NAME = "${TARGET_NAME}";
				PROVISIONING_PROFILE_SPECIFIER = "";
				SDKROOT = watchos;
				SKIP_INSTALL = YES;
				SWIFT_VERSION = 4.2;
				TARGETED_DEVICE_FAMILY = 4;
				WATCHOS_DEPLOYMENT_TARGET = 7.4;
			};
			name = Release;
		};
		F600BF052189382E00116455 /* Debug */ = {
			isa = XCBuildConfiguration;
			baseConfigurationReference = B93F31D316FC58D9A8FCCD2F /* Pods-Palpito_watchOS.debug.xcconfig */;
			buildSettings = {
				ALWAYS_EMBED_SWIFT_STANDARD_LIBRARIES = YES;
				ASSETCATALOG_COMPILER_APPICON_NAME = WatchAppIcon;
				CODE_SIGN_IDENTITY = "Apple Development";
				CODE_SIGN_STYLE = Automatic;
				CURRENT_PROJECT_VERSION = 5;
				DEVELOPMENT_TEAM = 54B55B6766;
				IBSC_MODULE = Palpito_watchOS_Extension;
				INFOPLIST_FILE = Palpito_watchOS/Info.plist;
				IPHONEOS_DEPLOYMENT_TARGET = 14.0;
				MARKETING_VERSION = 1.7.2;
				PRODUCT_BUNDLE_IDENTIFIER = xyz.palpito.dev.app.watchkitapp;
				PRODUCT_NAME = "$(TARGET_NAME)";
				PROVISIONING_PROFILE_SPECIFIER = "";
				SDKROOT = watchos;
				SKIP_INSTALL = YES;
				SWIFT_VERSION = 4.2;
				TARGETED_DEVICE_FAMILY = 4;
				WATCHOS_DEPLOYMENT_TARGET = 7.4;
			};
			name = Debug;
		};
		F600BF062189382E00116455 /* Release */ = {
			isa = XCBuildConfiguration;
			baseConfigurationReference = 7F1865616D7ABF5540A90648 /* Pods-Palpito_watchOS.release.xcconfig */;
			buildSettings = {
				ALWAYS_EMBED_SWIFT_STANDARD_LIBRARIES = YES;
				ASSETCATALOG_COMPILER_APPICON_NAME = WatchAppIcon;
				CODE_SIGN_ENTITLEMENTS = Palpito_watchOS/Palpito_watchOSRelease.entitlements;
				CODE_SIGN_IDENTITY = "Apple Development";
				CODE_SIGN_STYLE = Automatic;
				CURRENT_PROJECT_VERSION = 5;
				DEVELOPMENT_TEAM = 54B55B6766;
				IBSC_MODULE = Palpito_watchOS_Extension;
				INFOPLIST_FILE = Palpito_watchOS/Info.plist;
				IPHONEOS_DEPLOYMENT_TARGET = 14.0;
				MARKETING_VERSION = 1.7.2;
				PRODUCT_BUNDLE_IDENTIFIER = xyz.palpito.dev.app.watchkitapp;
				PRODUCT_NAME = "$(TARGET_NAME)";
				PROVISIONING_PROFILE_SPECIFIER = "";
				SDKROOT = watchos;
				SKIP_INSTALL = YES;
				SWIFT_VERSION = 4.2;
				TARGETED_DEVICE_FAMILY = 4;
				WATCHOS_DEPLOYMENT_TARGET = 7.4;
			};
			name = Release;
		};
		F695C326215C9F8C00F4DDEB /* Debug */ = {
			isa = XCBuildConfiguration;
			buildSettings = {
				ALWAYS_SEARCH_USER_PATHS = NO;
				CLANG_ANALYZER_LOCALIZABILITY_NONLOCALIZED = YES;
				CLANG_ANALYZER_NONNULL = YES;
				CLANG_ANALYZER_NUMBER_OBJECT_CONVERSION = YES_AGGRESSIVE;
				CLANG_CXX_LANGUAGE_STANDARD = "gnu++14";
				CLANG_CXX_LIBRARY = "libc++";
				CLANG_ENABLE_MODULES = YES;
				CLANG_ENABLE_OBJC_ARC = YES;
				CLANG_ENABLE_OBJC_WEAK = YES;
				CLANG_WARN_BLOCK_CAPTURE_AUTORELEASING = YES;
				CLANG_WARN_BOOL_CONVERSION = YES;
				CLANG_WARN_COMMA = YES;
				CLANG_WARN_CONSTANT_CONVERSION = YES;
				CLANG_WARN_DEPRECATED_OBJC_IMPLEMENTATIONS = YES;
				CLANG_WARN_DIRECT_OBJC_ISA_USAGE = YES_ERROR;
				CLANG_WARN_DOCUMENTATION_COMMENTS = YES;
				CLANG_WARN_EMPTY_BODY = YES;
				CLANG_WARN_ENUM_CONVERSION = YES;
				CLANG_WARN_INFINITE_RECURSION = YES;
				CLANG_WARN_INT_CONVERSION = YES;
				CLANG_WARN_NON_LITERAL_NULL_CONVERSION = YES;
				CLANG_WARN_OBJC_IMPLICIT_RETAIN_SELF = YES;
				CLANG_WARN_OBJC_LITERAL_CONVERSION = YES;
				CLANG_WARN_OBJC_ROOT_CLASS = YES_ERROR;
				CLANG_WARN_QUOTED_INCLUDE_IN_FRAMEWORK_HEADER = YES;
				CLANG_WARN_RANGE_LOOP_ANALYSIS = YES;
				CLANG_WARN_STRICT_PROTOTYPES = YES;
				CLANG_WARN_SUSPICIOUS_MOVE = YES;
				CLANG_WARN_UNGUARDED_AVAILABILITY = YES_AGGRESSIVE;
				CLANG_WARN_UNREACHABLE_CODE = YES;
				CLANG_WARN__DUPLICATE_METHOD_MATCH = YES;
				CODE_SIGN_IDENTITY = "iPhone Developer";
				COPY_PHASE_STRIP = NO;
				DEBUG_INFORMATION_FORMAT = "dwarf-with-dsym";
				ENABLE_STRICT_OBJC_MSGSEND = YES;
				ENABLE_TESTABILITY = NO;
				GCC_C_LANGUAGE_STANDARD = gnu11;
				GCC_DYNAMIC_NO_PIC = NO;
				GCC_NO_COMMON_BLOCKS = YES;
				GCC_OPTIMIZATION_LEVEL = 0;
				GCC_PREPROCESSOR_DEFINITIONS = (
					"DEBUG=1",
					"$(inherited)",
				);
				GCC_WARN_64_TO_32_BIT_CONVERSION = YES;
				GCC_WARN_ABOUT_RETURN_TYPE = YES_ERROR;
				GCC_WARN_UNDECLARED_SELECTOR = YES;
				GCC_WARN_UNINITIALIZED_AUTOS = YES_AGGRESSIVE;
				GCC_WARN_UNUSED_FUNCTION = YES;
				GCC_WARN_UNUSED_VARIABLE = YES;
				IPHONEOS_DEPLOYMENT_TARGET = 12.0;
				MTL_ENABLE_DEBUG_INFO = INCLUDE_SOURCE;
				MTL_FAST_MATH = YES;
				ONLY_ACTIVE_ARCH = YES;
				SDKROOT = iphoneos;
				SWIFT_ACTIVE_COMPILATION_CONDITIONS = DEBUG;
				SWIFT_OPTIMIZATION_LEVEL = "-Onone";
			};
			name = Debug;
		};
		F695C327215C9F8C00F4DDEB /* Release */ = {
			isa = XCBuildConfiguration;
			buildSettings = {
				ALWAYS_SEARCH_USER_PATHS = NO;
				CLANG_ANALYZER_LOCALIZABILITY_NONLOCALIZED = YES;
				CLANG_ANALYZER_NONNULL = YES;
				CLANG_ANALYZER_NUMBER_OBJECT_CONVERSION = YES_AGGRESSIVE;
				CLANG_CXX_LANGUAGE_STANDARD = "gnu++14";
				CLANG_CXX_LIBRARY = "libc++";
				CLANG_ENABLE_MODULES = YES;
				CLANG_ENABLE_OBJC_ARC = YES;
				CLANG_ENABLE_OBJC_WEAK = YES;
				CLANG_WARN_BLOCK_CAPTURE_AUTORELEASING = YES;
				CLANG_WARN_BOOL_CONVERSION = YES;
				CLANG_WARN_COMMA = YES;
				CLANG_WARN_CONSTANT_CONVERSION = YES;
				CLANG_WARN_DEPRECATED_OBJC_IMPLEMENTATIONS = YES;
				CLANG_WARN_DIRECT_OBJC_ISA_USAGE = YES_ERROR;
				CLANG_WARN_DOCUMENTATION_COMMENTS = YES;
				CLANG_WARN_EMPTY_BODY = YES;
				CLANG_WARN_ENUM_CONVERSION = YES;
				CLANG_WARN_INFINITE_RECURSION = YES;
				CLANG_WARN_INT_CONVERSION = YES;
				CLANG_WARN_NON_LITERAL_NULL_CONVERSION = YES;
				CLANG_WARN_OBJC_IMPLICIT_RETAIN_SELF = YES;
				CLANG_WARN_OBJC_LITERAL_CONVERSION = YES;
				CLANG_WARN_OBJC_ROOT_CLASS = YES_ERROR;
				CLANG_WARN_QUOTED_INCLUDE_IN_FRAMEWORK_HEADER = YES;
				CLANG_WARN_RANGE_LOOP_ANALYSIS = YES;
				CLANG_WARN_STRICT_PROTOTYPES = YES;
				CLANG_WARN_SUSPICIOUS_MOVE = YES;
				CLANG_WARN_UNGUARDED_AVAILABILITY = YES_AGGRESSIVE;
				CLANG_WARN_UNREACHABLE_CODE = YES;
				CLANG_WARN__DUPLICATE_METHOD_MATCH = YES;
				CODE_SIGN_IDENTITY = "iPhone Distribution";
				COPY_PHASE_STRIP = NO;
				DEBUG_INFORMATION_FORMAT = "dwarf-with-dsym";
				ENABLE_NS_ASSERTIONS = NO;
				ENABLE_STRICT_OBJC_MSGSEND = YES;
				GCC_C_LANGUAGE_STANDARD = gnu11;
				GCC_NO_COMMON_BLOCKS = YES;
				GCC_WARN_64_TO_32_BIT_CONVERSION = YES;
				GCC_WARN_ABOUT_RETURN_TYPE = YES_ERROR;
				GCC_WARN_UNDECLARED_SELECTOR = YES;
				GCC_WARN_UNINITIALIZED_AUTOS = YES_AGGRESSIVE;
				GCC_WARN_UNUSED_FUNCTION = YES;
				GCC_WARN_UNUSED_VARIABLE = YES;
				IPHONEOS_DEPLOYMENT_TARGET = 12.0;
				MTL_ENABLE_DEBUG_INFO = NO;
				MTL_FAST_MATH = YES;
				ONLY_ACTIVE_ARCH = YES;
				SDKROOT = iphoneos;
				SWIFT_COMPILATION_MODE = wholemodule;
				SWIFT_OPTIMIZATION_LEVEL = "-O";
				VALIDATE_PRODUCT = YES;
			};
			name = Release;
		};
		F695C329215C9F8C00F4DDEB /* Debug */ = {
			isa = XCBuildConfiguration;
			baseConfigurationReference = 2CA2CAB73F927F34DF9FCA6F /* Pods-Palpito.debug.xcconfig */;
			buildSettings = {
				ASSETCATALOG_COMPILER_APPICON_NAME = AppIcon;
				CLANG_ENABLE_MODULES = YES;
				CODE_SIGN_ALLOW_ENTITLEMENTS_MODIFICATION = YES;
				CODE_SIGN_ENTITLEMENTS = Palpito.entitlements;
				CODE_SIGN_IDENTITY = "iPhone Developer";
				CODE_SIGN_STYLE = Manual;
				CURRENT_PROJECT_VERSION = 5;
				DEBUG_INFORMATION_FORMAT = "dwarf-with-dsym";
				DEVELOPMENT_TEAM = 54B55B6766;
				ENABLE_HARDENED_RUNTIME = YES;
				INFOPLIST_FILE = Palpito_v0.01/Info.plist;
				IPHONEOS_DEPLOYMENT_TARGET = 14.3;
				LD_RUNPATH_SEARCH_PATHS = (
					"$(inherited)",
					"@executable_path/Frameworks",
				);
				MARKETING_VERSION = 1.7.2;
				PRODUCT_BUNDLE_IDENTIFIER = xyz.palpito.dev.app;
				PRODUCT_NAME = "$(TARGET_NAME)";
				PROVISIONING_PROFILE_SPECIFIER = palpito_dev_iphone;
				SWIFT_COMPILATION_MODE = singlefile;
				SWIFT_OBJC_BRIDGING_HEADER = "Palpito_v0.01/ImgResource/Palpito_v0.01-Bridging-Header.h";
				SWIFT_OPTIMIZATION_LEVEL = "-Onone";
				SWIFT_VERSION = 4.2;
				TARGETED_DEVICE_FAMILY = 1;
			};
			name = Debug;
		};
		F695C32A215C9F8C00F4DDEB /* Release */ = {
			isa = XCBuildConfiguration;
			baseConfigurationReference = 32132D1FD130DA8EE94E82FF /* Pods-Palpito.release.xcconfig */;
			buildSettings = {
				ASSETCATALOG_COMPILER_APPICON_NAME = AppIcon;
				CLANG_ENABLE_MODULES = YES;
				CODE_SIGN_ALLOW_ENTITLEMENTS_MODIFICATION = YES;
				CODE_SIGN_ENTITLEMENTS = PalpitoRelease.entitlements;
				CODE_SIGN_IDENTITY = "Apple Development";
				CODE_SIGN_STYLE = Automatic;
				CURRENT_PROJECT_VERSION = 5;
				DEBUG_INFORMATION_FORMAT = "dwarf-with-dsym";
				DEVELOPMENT_TEAM = 54B55B6766;
				ENABLE_HARDENED_RUNTIME = YES;
				INFOPLIST_FILE = Palpito_v0.01/Info.plist;
				IPHONEOS_DEPLOYMENT_TARGET = 14.3;
				LD_RUNPATH_SEARCH_PATHS = (
					"$(inherited)",
					"@executable_path/Frameworks",
				);
				MARKETING_VERSION = 1.7.2;
				PRODUCT_BUNDLE_IDENTIFIER = xyz.palpito.dev.app;
				PRODUCT_NAME = "$(TARGET_NAME)";
				PROVISIONING_PROFILE_SPECIFIER = "";
				SWIFT_OBJC_BRIDGING_HEADER = "Palpito_v0.01/ImgResource/Palpito_v0.01-Bridging-Header.h";
				SWIFT_VERSION = 4.2;
				TARGETED_DEVICE_FAMILY = 1;
			};
			name = Release;
		};
/* End XCBuildConfiguration section */

/* Begin XCConfigurationList section */
		F600BF002189382E00116455 /* Build configuration list for PBXNativeTarget "Palpito_watchOS Extension" */ = {
			isa = XCConfigurationList;
			buildConfigurations = (
				F600BF012189382E00116455 /* Debug */,
				F600BF022189382E00116455 /* Release */,
			);
			defaultConfigurationIsVisible = 0;
			defaultConfigurationName = Release;
		};
		F600BF042189382E00116455 /* Build configuration list for PBXNativeTarget "Palpito_watchOS" */ = {
			isa = XCConfigurationList;
			buildConfigurations = (
				F600BF052189382E00116455 /* Debug */,
				F600BF062189382E00116455 /* Release */,
			);
			defaultConfigurationIsVisible = 0;
			defaultConfigurationName = Release;
		};
		F695C311215C9F8B00F4DDEB /* Build configuration list for PBXProject "Palpito" */ = {
			isa = XCConfigurationList;
			buildConfigurations = (
				F695C326215C9F8C00F4DDEB /* Debug */,
				F695C327215C9F8C00F4DDEB /* Release */,
			);
			defaultConfigurationIsVisible = 0;
			defaultConfigurationName = Release;
		};
		F695C328215C9F8C00F4DDEB /* Build configuration list for PBXNativeTarget "Palpito" */ = {
			isa = XCConfigurationList;
			buildConfigurations = (
				F695C329215C9F8C00F4DDEB /* Debug */,
				F695C32A215C9F8C00F4DDEB /* Release */,
			);
			defaultConfigurationIsVisible = 0;
			defaultConfigurationName = Release;
		};
/* End XCConfigurationList section */

/* Begin XCVersionGroup section */
		F6009C9F21E82D5A007DF73B /* palpito_Data.xcdatamodeld */ = {
			isa = XCVersionGroup;
			children = (
				F6009CA021E82D5A007DF73B /* palpito_Data.xcdatamodel */,
			);
			currentVersion = F6009CA021E82D5A007DF73B /* palpito_Data.xcdatamodel */;
			path = palpito_Data.xcdatamodeld;
			sourceTree = "<group>";
			versionGroupType = wrapper.xcdatamodel;
		};
/* End XCVersionGroup section */
	};
	rootObject = F695C30E215C9F8B00F4DDEB /* Project object */;
}
